// !$*UTF8*$!
{
	archiveVersion = 1;
	classes = {
	};
	objectVersion = 46;
	objects = {

/* Begin PBXBuildFile section */
		3F50FC4415DB4981000E5147 /* DMButton.m in Sources */ = {isa = PBXBuildFile; fileRef = 3F50FC4315DB4981000E5147 /* DMButton.m */; };
		3F8A956415D9FEE500701895 /* DMPanel.m in Sources */ = {isa = PBXBuildFile; fileRef = 3F8A956315D9FEE500701895 /* DMPanel.m */; };
		3FBE809915D4A632001A3BEC /* DMErrorLog.m in Sources */ = {isa = PBXBuildFile; fileRef = 3FBE809815D4A632001A3BEC /* DMErrorLog.m */; };
		F501B3B715877062001C6158 /* DMCoverControlView.m in Sources */ = {isa = PBXBuildFile; fileRef = F501B3B015877062001C6158 /* DMCoverControlView.m */; };
		F501B3B815877062001C6158 /* DMCoverSlide.m in Sources */ = {isa = PBXBuildFile; fileRef = F501B3B315877062001C6158 /* DMCoverSlide.m */; };
		F501B3BD1587708F001C6158 /* DMPanelWindowController.m in Sources */ = {isa = PBXBuildFile; fileRef = F501B3BB1587708F001C6158 /* DMPanelWindowController.m */; };
		F501B3BE1587708F001C6158 /* DMPanelWindowController.xib in Resources */ = {isa = PBXBuildFile; fileRef = F501B3BC1587708F001C6158 /* DMPanelWindowController.xib */; };
		F501B3C815877A88001C6158 /* ban.png in Resources */ = {isa = PBXBuildFile; fileRef = F501B3C315877A88001C6158 /* ban.png */; };
		F501B3C915877A88001C6158 /* pause.png in Resources */ = {isa = PBXBuildFile; fileRef = F501B3C415877A88001C6158 /* pause.png */; };
		F501B3CA15877A88001C6158 /* rate.png in Resources */ = {isa = PBXBuildFile; fileRef = F501B3C515877A88001C6158 /* rate.png */; };
		F501B3CB15877A88001C6158 /* rate_red.png in Resources */ = {isa = PBXBuildFile; fileRef = F501B3C615877A88001C6158 /* rate_red.png */; };
		F501B3CC15877A88001C6158 /* skip.png in Resources */ = {isa = PBXBuildFile; fileRef = F501B3C715877A88001C6158 /* skip.png */; };
		F5148AB31580E58D002B3D61 /* Cocoa.framework in Frameworks */ = {isa = PBXBuildFile; fileRef = F5148AB21580E58D002B3D61 /* Cocoa.framework */; };
		F5148ABD1580E58D002B3D61 /* InfoPlist.strings in Resources */ = {isa = PBXBuildFile; fileRef = F5148ABB1580E58D002B3D61 /* InfoPlist.strings */; };
		F5148ABF1580E58D002B3D61 /* main.m in Sources */ = {isa = PBXBuildFile; fileRef = F5148ABE1580E58D002B3D61 /* main.m */; };
		F5148AC31580E58D002B3D61 /* Credits.rtf in Resources */ = {isa = PBXBuildFile; fileRef = F5148AC11580E58D002B3D61 /* Credits.rtf */; };
		F5148ACC1580E58E002B3D61 /* MainMenu.xib in Resources */ = {isa = PBXBuildFile; fileRef = F5148ACA1580E58E002B3D61 /* MainMenu.xib */; };
		F5148AD41580E5F4002B3D61 /* DMAppDelegate.m in Sources */ = {isa = PBXBuildFile; fileRef = F5148AD31580E5F4002B3D61 /* DMAppDelegate.m */; };
		F5148AD71580E6AD002B3D61 /* DMApp.m in Sources */ = {isa = PBXBuildFile; fileRef = F5148AD61580E6AD002B3D61 /* DMApp.m */; };
		F5148B051580E707002B3D61 /* HTMLNode.m in Sources */ = {isa = PBXBuildFile; fileRef = F5148ADB1580E707002B3D61 /* HTMLNode.m */; };
		F5148B061580E707002B3D61 /* HTMLParser.m in Sources */ = {isa = PBXBuildFile; fileRef = F5148ADD1580E707002B3D61 /* HTMLParser.m */; };
		F5148B0A1580E707002B3D61 /* NSObject+SPInvocationGrabbing.m in Sources */ = {isa = PBXBuildFile; fileRef = F5148AE41580E707002B3D61 /* NSObject+SPInvocationGrabbing.m */; settings = {COMPILER_FLAGS = "-fno-objc-arc"; }; };
		F5148B0B1580E707002B3D61 /* SPMediaKeyTap.m in Sources */ = {isa = PBXBuildFile; fileRef = F5148AE61580E707002B3D61 /* SPMediaKeyTap.m */; settings = {COMPILER_FLAGS = "-fno-objc-arc"; }; };
		F5148B0D1580E707002B3D61 /* LICENSE in Resources */ = {isa = PBXBuildFile; fileRef = F5148AE91580E707002B3D61 /* LICENSE */; };
		F5148B0E1580E707002B3D61 /* SSKeychain.m in Sources */ = {isa = PBXBuildFile; fileRef = F5148AEB1580E707002B3D61 /* SSKeychain.m */; };
		F5148B0F1580E707002B3D61 /* CDataScanner.m in Sources */ = {isa = PBXBuildFile; fileRef = F5148AEE1580E707002B3D61 /* CDataScanner.m */; };
		F5148B101580E707002B3D61 /* CFilteringJSONSerializer.m in Sources */ = {isa = PBXBuildFile; fileRef = F5148AF11580E707002B3D61 /* CFilteringJSONSerializer.m */; };
		F5148B111580E707002B3D61 /* CJSONDeserializer_BlocksExtensions.m in Sources */ = {isa = PBXBuildFile; fileRef = F5148AF31580E707002B3D61 /* CJSONDeserializer_BlocksExtensions.m */; };
		F5148B121580E707002B3D61 /* CJSONSerialization.m in Sources */ = {isa = PBXBuildFile; fileRef = F5148AF51580E707002B3D61 /* CJSONSerialization.m */; };
		F5148B131580E707002B3D61 /* CJSONSerializedData.m in Sources */ = {isa = PBXBuildFile; fileRef = F5148AF71580E707002B3D61 /* CJSONSerializedData.m */; };
		F5148B141580E707002B3D61 /* CDataScanner_Extensions.m in Sources */ = {isa = PBXBuildFile; fileRef = F5148AFA1580E707002B3D61 /* CDataScanner_Extensions.m */; };
		F5148B151580E707002B3D61 /* NSDictionary_JSONExtensions.m in Sources */ = {isa = PBXBuildFile; fileRef = F5148AFC1580E707002B3D61 /* NSDictionary_JSONExtensions.m */; };
		F5148B161580E707002B3D61 /* CJSONDeserializer.m in Sources */ = {isa = PBXBuildFile; fileRef = F5148AFF1580E707002B3D61 /* CJSONDeserializer.m */; };
		F5148B171580E707002B3D61 /* CJSONScanner.m in Sources */ = {isa = PBXBuildFile; fileRef = F5148B011580E707002B3D61 /* CJSONScanner.m */; };
		F5148B181580E707002B3D61 /* CJSONSerializer.m in Sources */ = {isa = PBXBuildFile; fileRef = F5148B031580E707002B3D61 /* CJSONSerializer.m */; };
		F5148B2E1580E904002B3D61 /* DMControlCenter.m in Sources */ = {isa = PBXBuildFile; fileRef = F5148B221580E904002B3D61 /* DMControlCenter.m */; };
		F5148B2F1580E904002B3D61 /* DMPlayableCapsule.m in Sources */ = {isa = PBXBuildFile; fileRef = F5148B251580E904002B3D61 /* DMPlayableCapsule.m */; };
		F5148B301580E904002B3D61 /* DMPlaylistFetcher.m in Sources */ = {isa = PBXBuildFile; fileRef = F5148B291580E904002B3D61 /* DMPlaylistFetcher.m */; };
		F5148B311580E904002B3D61 /* NSDictionary+UrlEncoding.m in Sources */ = {isa = PBXBuildFile; fileRef = F5148B2D1580E904002B3D61 /* NSDictionary+UrlEncoding.m */; };
		F5148B4A1580EE1F002B3D61 /* Carbon.framework in Frameworks */ = {isa = PBXBuildFile; fileRef = F5148B491580EE1F002B3D61 /* Carbon.framework */; };
		F5148B4C1580EE4D002B3D61 /* Security.framework in Frameworks */ = {isa = PBXBuildFile; fileRef = F5148B4B1580EE4D002B3D61 /* Security.framework */; };
		F5148B4E1580EE68002B3D61 /* QTKit.framework in Frameworks */ = {isa = PBXBuildFile; fileRef = F5148B4D1580EE68002B3D61 /* QTKit.framework */; };
		F5148B501580EE92002B3D61 /* QuartzCore.framework in Frameworks */ = {isa = PBXBuildFile; fileRef = F5148B4F1580EE92002B3D61 /* QuartzCore.framework */; };
		F515C16015B6F07500210826 /* MenubarController.m in Sources */ = {isa = PBXBuildFile; fileRef = F515C15D15B6F07500210826 /* MenubarController.m */; };
		F515C16115B6F07500210826 /* StatusItemView.m in Sources */ = {isa = PBXBuildFile; fileRef = F515C15F15B6F07500210826 /* StatusItemView.m */; };
		F515C16515B6FAA000210826 /* status-icon-alt.png in Resources */ = {isa = PBXBuildFile; fileRef = F515C16315B6FAA000210826 /* status-icon-alt.png */; };
		F515C16615B6FAA000210826 /* status-icon.png in Resources */ = {isa = PBXBuildFile; fileRef = F515C16415B6FAA000210826 /* status-icon.png */; };
		F517B91215C1760200097815 /* settings.png in Resources */ = {isa = PBXBuildFile; fileRef = F517B91115C1760200097815 /* settings.png */; };
		F517B91415C1771000097815 /* Growl.framework in CopyFiles */ = {isa = PBXBuildFile; fileRef = F5B9DC7A15BD995B004788A9 /* Growl.framework */; };
		F5237A0615C958A500D2A1F2 /* share.png in Resources */ = {isa = PBXBuildFile; fileRef = F5237A0415C958A500D2A1F2 /* share.png */; };
		F5237A0715C958A500D2A1F2 /* share@2x.png in Resources */ = {isa = PBXBuildFile; fileRef = F5237A0515C958A500D2A1F2 /* share@2x.png */; };
		F5237A0F15C96DE800D2A1F2 /* arrowleft.png in Resources */ = {isa = PBXBuildFile; fileRef = F5237A0D15C96DE800D2A1F2 /* arrowleft.png */; };
		F5237A1015C96DE800D2A1F2 /* arrowright.png in Resources */ = {isa = PBXBuildFile; fileRef = F5237A0E15C96DE800D2A1F2 /* arrowright.png */; };
		F528B1AA15BC54B500DC82B4 /* DMNotificationCenter.m in Sources */ = {isa = PBXBuildFile; fileRef = F528B1A915BC54B500DC82B4 /* DMNotificationCenter.m */; };
		F528CA4015C2DECD00094E35 /* facebook.png in Resources */ = {isa = PBXBuildFile; fileRef = F528CA3C15C2DECD00094E35 /* facebook.png */; };
		F528CA4115C2DECD00094E35 /* facebook@2x.png in Resources */ = {isa = PBXBuildFile; fileRef = F528CA3D15C2DECD00094E35 /* facebook@2x.png */; };
		F528CA4215C2DECD00094E35 /* twitter.png in Resources */ = {isa = PBXBuildFile; fileRef = F528CA3E15C2DECD00094E35 /* twitter.png */; };
		F528CA4315C2DECD00094E35 /* twitter@2x.png in Resources */ = {isa = PBXBuildFile; fileRef = F528CA3F15C2DECD00094E35 /* twitter@2x.png */; };
		F528CA4B15C2E12700094E35 /* douban@2x.png in Resources */ = {isa = PBXBuildFile; fileRef = F528CA4515C2E12700094E35 /* douban@2x.png */; };
		F528CA4C15C2E12700094E35 /* fanfou.png in Resources */ = {isa = PBXBuildFile; fileRef = F528CA4615C2E12700094E35 /* fanfou.png */; };
		F528CA4D15C2E12700094E35 /* fanfou@2x.png in Resources */ = {isa = PBXBuildFile; fileRef = F528CA4715C2E12700094E35 /* fanfou@2x.png */; };
		F528CA4E15C2E12700094E35 /* sina.png in Resources */ = {isa = PBXBuildFile; fileRef = F528CA4815C2E12700094E35 /* sina.png */; };
		F528CA4F15C2E12700094E35 /* sina@2x.png in Resources */ = {isa = PBXBuildFile; fileRef = F528CA4915C2E12700094E35 /* sina@2x.png */; };
		F528CA5115C2E16E00094E35 /* douban.png in Resources */ = {isa = PBXBuildFile; fileRef = F528CA5015C2E16E00094E35 /* douban.png */; };
		F52EEC26158F8053004A39EF /* heart-icon.png in Resources */ = {isa = PBXBuildFile; fileRef = F52EEC23158F8053004A39EF /* heart-icon.png */; };
		F52EEC27158F8053004A39EF /* played-icon.png in Resources */ = {isa = PBXBuildFile; fileRef = F52EEC24158F8053004A39EF /* played-icon.png */; };
		F52EEC28158F8053004A39EF /* trash-icon.png in Resources */ = {isa = PBXBuildFile; fileRef = F52EEC25158F8053004A39EF /* trash-icon.png */; };
		F52F3B88159627F700EDBBD7 /* albumfail.png in Resources */ = {isa = PBXBuildFile; fileRef = F52F3B87159627F700EDBBD7 /* albumfail.png */; };
		F53C78DE15CC0AA000201C65 /* DMService.m in Sources */ = {isa = PBXBuildFile; fileRef = F53C78DD15CC0AA000201C65 /* DMService.m */; };
		F53C78EB15CC0D0C00201C65 /* NSData+AESCrypt.m in Sources */ = {isa = PBXBuildFile; fileRef = F53C78E815CC0D0C00201C65 /* NSData+AESCrypt.m */; };
		F53C78EC15CC0D0C00201C65 /* NSData+Base64.m in Sources */ = {isa = PBXBuildFile; fileRef = F53C78EA15CC0D0C00201C65 /* NSData+Base64.m */; };
		F545840415B8694300F3A55B /* exit.png in Resources */ = {isa = PBXBuildFile; fileRef = F545840315B8694300F3A55B /* exit.png */; };
		F545840715B86EF500F3A55B /* greyheart.png in Resources */ = {isa = PBXBuildFile; fileRef = F545840515B86EF500F3A55B /* greyheart.png */; };
		F545840815B86EF500F3A55B /* redheart.png in Resources */ = {isa = PBXBuildFile; fileRef = F545840615B86EF500F3A55B /* redheart.png */; };
		F54A524F158347DE00F6C18A /* DMDoubanAuthHelper.m in Sources */ = {isa = PBXBuildFile; fileRef = F54A524E158347DE00F6C18A /* DMDoubanAuthHelper.m */; };
		F555569915C04DB100894E8D /* icon.icns in Resources */ = {isa = PBXBuildFile; fileRef = F555569815C04DB100894E8D /* icon.icns */; };
		F55A75991595FA230022574F /* play.png in Resources */ = {isa = PBXBuildFile; fileRef = F55A75981595FA230022574F /* play.png */; };
		F566F60E15C6E4A200FC7143 /* NSImage+AsyncLoadImage.m in Sources */ = {isa = PBXBuildFile; fileRef = F566F60D15C6E4A200FC7143 /* NSImage+AsyncLoadImage.m */; };
		F56F57B715CD851000C35515 /* volume_back.png in Resources */ = {isa = PBXBuildFile; fileRef = F56F57B515CD851000C35515 /* volume_back.png */; };
		F56F57B815CD851000C35515 /* volume_slider.png in Resources */ = {isa = PBXBuildFile; fileRef = F56F57B615CD851000C35515 /* volume_slider.png */; };
		F5815F561590E397007EB0D3 /* channels.plist in Resources */ = {isa = PBXBuildFile; fileRef = F5815F551590E397007EB0D3 /* channels.plist */; };
		F58653D515C82C5200352B4C /* slide1.png in Resources */ = {isa = PBXBuildFile; fileRef = F58653D115C82C5200352B4C /* slide1.png */; };
		F58653D615C82C5200352B4C /* slide2.png in Resources */ = {isa = PBXBuildFile; fileRef = F58653D215C82C5200352B4C /* slide2.png */; };
		F58653D715C82C5200352B4C /* slide3.png in Resources */ = {isa = PBXBuildFile; fileRef = F58653D315C82C5200352B4C /* slide3.png */; };
		F58653D815C82C5200352B4C /* slide4.png in Resources */ = {isa = PBXBuildFile; fileRef = F58653D415C82C5200352B4C /* slide4.png */; };
		F58B011415BEF28500E4A7E5 /* DMShortcutsHandler.m in Sources */ = {isa = PBXBuildFile; fileRef = F58B011315BEF28500E4A7E5 /* DMShortcutsHandler.m */; };
		F5AACEEE159C93E4003DA427 /* eye_icon.png in Resources */ = {isa = PBXBuildFile; fileRef = F5AACEEB159C93E4003DA427 /* eye_icon.png */; };
		F5AACEEF159C93E4003DA427 /* info_icon.png in Resources */ = {isa = PBXBuildFile; fileRef = F5AACEEC159C93E4003DA427 /* info_icon.png */; };
		F5AACEF0159C93E4003DA427 /* share_icon.png in Resources */ = {isa = PBXBuildFile; fileRef = F5AACEED159C93E4003DA427 /* share_icon.png */; };
		F5ABA90B15D0161B00860EF5 /* export.png in Resources */ = {isa = PBXBuildFile; fileRef = F5ABA90715D0161B00860EF5 /* export.png */; };
		F5ABA90C15D0161B00860EF5 /* export@2x.png in Resources */ = {isa = PBXBuildFile; fileRef = F5ABA90815D0161B00860EF5 /* export@2x.png */; };
		F5ABA90D15D0161B00860EF5 /* import.png in Resources */ = {isa = PBXBuildFile; fileRef = F5ABA90915D0161B00860EF5 /* import.png */; };
		F5ABA90E15D0161B00860EF5 /* import@2x.png in Resources */ = {isa = PBXBuildFile; fileRef = F5ABA90A15D0161B00860EF5 /* import@2x.png */; };
		F5B9DC7B15BD995B004788A9 /* Growl.framework in Frameworks */ = {isa = PBXBuildFile; fileRef = F5B9DC7A15BD995B004788A9 /* Growl.framework */; };
		F5B9DC8115BDACC6004788A9 /* status-icon-mixed.png in Resources */ = {isa = PBXBuildFile; fileRef = F5B9DC8015BDACC6004788A9 /* status-icon-mixed.png */; };
		F5BB89F4159744B80017E6FE /* DMVolumeSlideCell.m in Sources */ = {isa = PBXBuildFile; fileRef = F5BB89F3159744B80017E6FE /* DMVolumeSlideCell.m */; };
		F5BB89F8159748DB0017E6FE /* sound_high.png in Resources */ = {isa = PBXBuildFile; fileRef = F5BB89F5159748DB0017E6FE /* sound_high.png */; };
		F5BB89F9159748DB0017E6FE /* sound_low.png in Resources */ = {isa = PBXBuildFile; fileRef = F5BB89F6159748DB0017E6FE /* sound_low.png */; };
		F5BB89FA159748DB0017E6FE /* sound_mute.png in Resources */ = {isa = PBXBuildFile; fileRef = F5BB89F7159748DB0017E6FE /* sound_mute.png */; };
		F5D3631E15A1F0EF003A40B2 /* DMDocument.m in Sources */ = {isa = PBXBuildFile; fileRef = F5D362FF15A1F0EF003A40B2 /* DMDocument.m */; };
		F5D3631F15A1F0EF003A40B2 /* DMDetailViewController.m in Sources */ = {isa = PBXBuildFile; fileRef = F5D3630315A1F0EF003A40B2 /* DMDetailViewController.m */; };
		F5D3632015A1F0EF003A40B2 /* DMDocumentWindow.xib in Resources */ = {isa = PBXBuildFile; fileRef = F5D3630415A1F0EF003A40B2 /* DMDocumentWindow.xib */; };
		F5D3632115A1F0EF003A40B2 /* DMDocumentWindowController.m in Sources */ = {isa = PBXBuildFile; fileRef = F5D3630615A1F0EF003A40B2 /* DMDocumentWindowController.m */; };
		F5D3632215A1F0EF003A40B2 /* EDStarRating.m in Sources */ = {isa = PBXBuildFile; fileRef = F5D3630915A1F0EF003A40B2 /* EDStarRating.m */; };
		F5D3632315A1F0EF003A40B2 /* JUInspectorBaseView.m in Sources */ = {isa = PBXBuildFile; fileRef = F5D3630C15A1F0EF003A40B2 /* JUInspectorBaseView.m */; settings = {COMPILER_FLAGS = "-fno-objc-arc"; }; };
		F5D3632415A1F0EF003A40B2 /* JUInspectorView.m in Sources */ = {isa = PBXBuildFile; fileRef = F5D3630E15A1F0EF003A40B2 /* JUInspectorView.m */; settings = {COMPILER_FLAGS = "-fno-objc-arc"; }; };
		F5D3632515A1F0EF003A40B2 /* JUInspectorViewContainer.m in Sources */ = {isa = PBXBuildFile; fileRef = F5D3631015A1F0EF003A40B2 /* JUInspectorViewContainer.m */; settings = {COMPILER_FLAGS = "-fno-objc-arc"; }; };
		F5D3632615A1F0EF003A40B2 /* JUInspectorViewHeader.m in Sources */ = {isa = PBXBuildFile; fileRef = F5D3631215A1F0EF003A40B2 /* JUInspectorViewHeader.m */; settings = {COMPILER_FLAGS = "-fno-objc-arc"; }; };
		F5D3632715A1F0EF003A40B2 /* NSDictionary+SMKeyValueObserving.m in Sources */ = {isa = PBXBuildFile; fileRef = F5D3631515A1F0EF003A40B2 /* NSDictionary+SMKeyValueObserving.m */; };
		F5D3632815A1F0EF003A40B2 /* SMBar.m in Sources */ = {isa = PBXBuildFile; fileRef = F5D3631715A1F0EF003A40B2 /* SMBar.m */; };
		F5D3632915A1F0EF003A40B2 /* SMTabBar.m in Sources */ = {isa = PBXBuildFile; fileRef = F5D3631915A1F0EF003A40B2 /* SMTabBar.m */; };
		F5D3632A15A1F0EF003A40B2 /* SMTabBarButtonCell.m in Sources */ = {isa = PBXBuildFile; fileRef = F5D3631B15A1F0EF003A40B2 /* SMTabBarButtonCell.m */; };
		F5D3632B15A1F0EF003A40B2 /* SMTabBarItem.m in Sources */ = {isa = PBXBuildFile; fileRef = F5D3631D15A1F0EF003A40B2 /* SMTabBarItem.m */; };
		F5D3633115A1F1EA003A40B2 /* view_icon.png in Resources */ = {isa = PBXBuildFile; fileRef = F5D3633015A1F1EA003A40B2 /* view_icon.png */; };
		F5D3633315A1F1F2003A40B2 /* detail_icon.png in Resources */ = {isa = PBXBuildFile; fileRef = F5D3633215A1F1F2003A40B2 /* detail_icon.png */; };
		F5D3633815A1F1FF003A40B2 /* play_album.png in Resources */ = {isa = PBXBuildFile; fileRef = F5D3633415A1F1FF003A40B2 /* play_album.png */; };
		F5D3633915A1F1FF003A40B2 /* star.png in Resources */ = {isa = PBXBuildFile; fileRef = F5D3633515A1F1FF003A40B2 /* star.png */; };
		F5D3633A15A1F1FF003A40B2 /* starhighlighted.png in Resources */ = {isa = PBXBuildFile; fileRef = F5D3633615A1F1FF003A40B2 /* starhighlighted.png */; };
		F5D3633B15A1F1FF003A40B2 /* time_machine.png in Resources */ = {isa = PBXBuildFile; fileRef = F5D3633715A1F1FF003A40B2 /* time_machine.png */; };
		F5D3634015A1F3AF003A40B2 /* DMPlayRecordHandler.m in Sources */ = {isa = PBXBuildFile; fileRef = F5D3633F15A1F3AF003A40B2 /* DMPlayRecordHandler.m */; };
		F5D9A4E615C19E2A005DE460 /* libxml2.2.dylib in Frameworks */ = {isa = PBXBuildFile; fileRef = F5D9A4E515C19E2A005DE460 /* libxml2.2.dylib */; };
		F5DFF1A115BADEEB00ED3DAA /* MASShortcut+UserDefaults.m in Sources */ = {isa = PBXBuildFile; fileRef = F5DFF19815BADEEB00ED3DAA /* MASShortcut+UserDefaults.m */; };
		F5DFF1A215BADEEB00ED3DAA /* MASShortcut.m in Sources */ = {isa = PBXBuildFile; fileRef = F5DFF19A15BADEEB00ED3DAA /* MASShortcut.m */; };
		F5DFF1A315BADEEB00ED3DAA /* MASShortcutView+UserDefaults.m in Sources */ = {isa = PBXBuildFile; fileRef = F5DFF19C15BADEEB00ED3DAA /* MASShortcutView+UserDefaults.m */; };
		F5DFF1A415BADEEB00ED3DAA /* MASShortcutView.m in Sources */ = {isa = PBXBuildFile; fileRef = F5DFF19E15BADEEB00ED3DAA /* MASShortcutView.m */; };
		F5ECCBEC158CC71600512F6A /* DMPopUpButtonCell.m in Sources */ = {isa = PBXBuildFile; fileRef = F5ECCBEB158CC71600512F6A /* DMPopUpButtonCell.m */; };
		F5ECCBEF158CC85600512F6A /* DMPopUpMenuController.m in Sources */ = {isa = PBXBuildFile; fileRef = F5ECCBEE158CC85600512F6A /* DMPopUpMenuController.m */; };
		F5ECCBF9158CDF2800512F6A /* DMPrefsPanel.xib in Resources */ = {isa = PBXBuildFile; fileRef = F5ECCBF7158CDF2800512F6A /* DMPrefsPanel.xib */; };
		F5ECCC01158CE39500512F6A /* PLTabPreferenceControl.m in Sources */ = {isa = PBXBuildFile; fileRef = F5ECCC00158CE39500512F6A /* PLTabPreferenceControl.m */; };
		F5ECCC04158CE43100512F6A /* DMPrefsPanelDataProvider.m in Sources */ = {isa = PBXBuildFile; fileRef = F5ECCC03158CE43100512F6A /* DMPrefsPanelDataProvider.m */; };
		F5FC4DA515A31F8E00197D1A /* DMPlayRecordModel.xcdatamodeld in Sources */ = {isa = PBXBuildFile; fileRef = F5FC4DA315A31F8E00197D1A /* DMPlayRecordModel.xcdatamodeld */; };
/* End PBXBuildFile section */

/* Begin PBXCopyFilesBuildPhase section */
		F5148B5415810758002B3D61 /* CopyFiles */ = {
			isa = PBXCopyFilesBuildPhase;
			buildActionMask = 2147483647;
			dstPath = "";
			dstSubfolderSpec = 10;
			files = (
				F517B91415C1771000097815 /* Growl.framework in CopyFiles */,
			);
			runOnlyForDeploymentPostprocessing = 0;
		};
/* End PBXCopyFilesBuildPhase section */

/* Begin PBXFileReference section */
		179AFA331583916200968BAD /* debugLog.h */ = {isa = PBXFileReference; lastKnownFileType = sourcecode.c.h; path = debugLog.h; sourceTree = "<group>"; };
		3F50FC4215DB4981000E5147 /* DMButton.h */ = {isa = PBXFileReference; fileEncoding = 4; lastKnownFileType = sourcecode.c.h; path = DMButton.h; sourceTree = "<group>"; };
		3F50FC4315DB4981000E5147 /* DMButton.m */ = {isa = PBXFileReference; fileEncoding = 4; lastKnownFileType = sourcecode.c.objc; path = DMButton.m; sourceTree = "<group>"; };
		3F8A956215D9FEE500701895 /* DMPanel.h */ = {isa = PBXFileReference; fileEncoding = 4; lastKnownFileType = sourcecode.c.h; path = DMPanel.h; sourceTree = "<group>"; };
		3F8A956315D9FEE500701895 /* DMPanel.m */ = {isa = PBXFileReference; fileEncoding = 4; lastKnownFileType = sourcecode.c.objc; path = DMPanel.m; sourceTree = "<group>"; };
		3FBE809715D4A632001A3BEC /* DMErrorLog.h */ = {isa = PBXFileReference; fileEncoding = 4; lastKnownFileType = sourcecode.c.h; name = DMErrorLog.h; path = DMErrorLog/DMErrorLog.h; sourceTree = "<group>"; };
		3FBE809815D4A632001A3BEC /* DMErrorLog.m */ = {isa = PBXFileReference; fileEncoding = 4; lastKnownFileType = sourcecode.c.objc; name = DMErrorLog.m; path = DMErrorLog/DMErrorLog.m; sourceTree = "<group>"; };
		F501B3AF15877062001C6158 /* DMCoverControlView.h */ = {isa = PBXFileReference; fileEncoding = 4; lastKnownFileType = sourcecode.c.h; path = DMCoverControlView.h; sourceTree = "<group>"; };
		F501B3B015877062001C6158 /* DMCoverControlView.m */ = {isa = PBXFileReference; fileEncoding = 4; lastKnownFileType = sourcecode.c.objc; path = DMCoverControlView.m; sourceTree = "<group>"; };
		F501B3B215877062001C6158 /* DMCoverSlide.h */ = {isa = PBXFileReference; fileEncoding = 4; lastKnownFileType = sourcecode.c.h; path = DMCoverSlide.h; sourceTree = "<group>"; };
		F501B3B315877062001C6158 /* DMCoverSlide.m */ = {isa = PBXFileReference; fileEncoding = 4; lastKnownFileType = sourcecode.c.objc; path = DMCoverSlide.m; sourceTree = "<group>"; };
		F501B3BA1587708F001C6158 /* DMPanelWindowController.h */ = {isa = PBXFileReference; fileEncoding = 4; lastKnownFileType = sourcecode.c.h; path = DMPanelWindowController.h; sourceTree = "<group>"; };
		F501B3BB1587708F001C6158 /* DMPanelWindowController.m */ = {isa = PBXFileReference; fileEncoding = 4; lastKnownFileType = sourcecode.c.objc; path = DMPanelWindowController.m; sourceTree = "<group>"; };
		F501B3BC1587708F001C6158 /* DMPanelWindowController.xib */ = {isa = PBXFileReference; fileEncoding = 4; lastKnownFileType = file.xib; path = DMPanelWindowController.xib; sourceTree = "<group>"; };
		F501B3C315877A88001C6158 /* ban.png */ = {isa = PBXFileReference; lastKnownFileType = image.png; path = ban.png; sourceTree = "<group>"; };
		F501B3C415877A88001C6158 /* pause.png */ = {isa = PBXFileReference; lastKnownFileType = image.png; path = pause.png; sourceTree = "<group>"; };
		F501B3C515877A88001C6158 /* rate.png */ = {isa = PBXFileReference; lastKnownFileType = image.png; path = rate.png; sourceTree = "<group>"; };
		F501B3C615877A88001C6158 /* rate_red.png */ = {isa = PBXFileReference; lastKnownFileType = image.png; path = rate_red.png; sourceTree = "<group>"; };
		F501B3C715877A88001C6158 /* skip.png */ = {isa = PBXFileReference; lastKnownFileType = image.png; path = skip.png; sourceTree = "<group>"; };
		F5148AAE1580E58D002B3D61 /* diumoo.app */ = {isa = PBXFileReference; explicitFileType = wrapper.application; includeInIndex = 0; path = diumoo.app; sourceTree = BUILT_PRODUCTS_DIR; };
		F5148AB21580E58D002B3D61 /* Cocoa.framework */ = {isa = PBXFileReference; lastKnownFileType = wrapper.framework; name = Cocoa.framework; path = System/Library/Frameworks/Cocoa.framework; sourceTree = SDKROOT; };
		F5148AB51580E58D002B3D61 /* AppKit.framework */ = {isa = PBXFileReference; lastKnownFileType = wrapper.framework; name = AppKit.framework; path = System/Library/Frameworks/AppKit.framework; sourceTree = SDKROOT; };
		F5148AB61580E58D002B3D61 /* CoreData.framework */ = {isa = PBXFileReference; lastKnownFileType = wrapper.framework; name = CoreData.framework; path = System/Library/Frameworks/CoreData.framework; sourceTree = SDKROOT; };
		F5148AB71580E58D002B3D61 /* Foundation.framework */ = {isa = PBXFileReference; lastKnownFileType = wrapper.framework; name = Foundation.framework; path = System/Library/Frameworks/Foundation.framework; sourceTree = SDKROOT; };
		F5148ABA1580E58D002B3D61 /* diumoo-Info.plist */ = {isa = PBXFileReference; lastKnownFileType = text.plist.xml; path = "diumoo-Info.plist"; sourceTree = "<group>"; };
		F5148ABC1580E58D002B3D61 /* en */ = {isa = PBXFileReference; lastKnownFileType = text.plist.strings; name = en; path = en.lproj/InfoPlist.strings; sourceTree = "<group>"; };
		F5148ABE1580E58D002B3D61 /* main.m */ = {isa = PBXFileReference; lastKnownFileType = sourcecode.c.objc; path = main.m; sourceTree = "<group>"; };
		F5148AC01580E58D002B3D61 /* diumoo-Prefix.pch */ = {isa = PBXFileReference; lastKnownFileType = sourcecode.c.h; path = "diumoo-Prefix.pch"; sourceTree = "<group>"; };
		F5148AC21580E58D002B3D61 /* en */ = {isa = PBXFileReference; lastKnownFileType = text.rtf; name = en; path = en.lproj/Credits.rtf; sourceTree = "<group>"; };
		F5148ACB1580E58E002B3D61 /* en */ = {isa = PBXFileReference; lastKnownFileType = file.xib; name = en; path = en.lproj/MainMenu.xib; sourceTree = "<group>"; };
		F5148AD21580E5F4002B3D61 /* DMAppDelegate.h */ = {isa = PBXFileReference; fileEncoding = 4; lastKnownFileType = sourcecode.c.h; path = DMAppDelegate.h; sourceTree = "<group>"; };
		F5148AD31580E5F4002B3D61 /* DMAppDelegate.m */ = {isa = PBXFileReference; fileEncoding = 4; lastKnownFileType = sourcecode.c.objc; path = DMAppDelegate.m; sourceTree = "<group>"; };
		F5148AD51580E6AD002B3D61 /* DMApp.h */ = {isa = PBXFileReference; fileEncoding = 4; lastKnownFileType = sourcecode.c.h; path = DMApp.h; sourceTree = "<group>"; };
		F5148AD61580E6AD002B3D61 /* DMApp.m */ = {isa = PBXFileReference; fileEncoding = 4; lastKnownFileType = sourcecode.c.objc; path = DMApp.m; sourceTree = "<group>"; };
		F5148ADA1580E707002B3D61 /* HTMLNode.h */ = {isa = PBXFileReference; fileEncoding = 4; lastKnownFileType = sourcecode.c.h; path = HTMLNode.h; sourceTree = "<group>"; };
		F5148ADB1580E707002B3D61 /* HTMLNode.m */ = {isa = PBXFileReference; fileEncoding = 4; lastKnownFileType = sourcecode.c.objc; path = HTMLNode.m; sourceTree = "<group>"; };
		F5148ADC1580E707002B3D61 /* HTMLParser.h */ = {isa = PBXFileReference; fileEncoding = 4; lastKnownFileType = sourcecode.c.h; path = HTMLParser.h; sourceTree = "<group>"; };
		F5148ADD1580E707002B3D61 /* HTMLParser.m */ = {isa = PBXFileReference; fileEncoding = 4; lastKnownFileType = sourcecode.c.objc; path = HTMLParser.m; sourceTree = "<group>"; };
		F5148AE31580E707002B3D61 /* NSObject+SPInvocationGrabbing.h */ = {isa = PBXFileReference; fileEncoding = 4; lastKnownFileType = sourcecode.c.h; name = "NSObject+SPInvocationGrabbing.h"; path = "SPInvocationGrabbing/NSObject+SPInvocationGrabbing.h"; sourceTree = "<group>"; };
		F5148AE41580E707002B3D61 /* NSObject+SPInvocationGrabbing.m */ = {isa = PBXFileReference; fileEncoding = 4; lastKnownFileType = sourcecode.c.objc; name = "NSObject+SPInvocationGrabbing.m"; path = "SPInvocationGrabbing/NSObject+SPInvocationGrabbing.m"; sourceTree = "<group>"; };
		F5148AE51580E707002B3D61 /* SPMediaKeyTap.h */ = {isa = PBXFileReference; fileEncoding = 4; lastKnownFileType = sourcecode.c.h; path = SPMediaKeyTap.h; sourceTree = "<group>"; };
		F5148AE61580E707002B3D61 /* SPMediaKeyTap.m */ = {isa = PBXFileReference; fileEncoding = 4; lastKnownFileType = sourcecode.c.objc; path = SPMediaKeyTap.m; sourceTree = "<group>"; };
		F5148AE91580E707002B3D61 /* LICENSE */ = {isa = PBXFileReference; fileEncoding = 4; lastKnownFileType = text; path = LICENSE; sourceTree = "<group>"; };
		F5148AEA1580E707002B3D61 /* SSKeychain.h */ = {isa = PBXFileReference; fileEncoding = 4; lastKnownFileType = sourcecode.c.h; path = SSKeychain.h; sourceTree = "<group>"; };
		F5148AEB1580E707002B3D61 /* SSKeychain.m */ = {isa = PBXFileReference; fileEncoding = 4; lastKnownFileType = sourcecode.c.objc; path = SSKeychain.m; sourceTree = "<group>"; };
		F5148AED1580E707002B3D61 /* CDataScanner.h */ = {isa = PBXFileReference; fileEncoding = 4; lastKnownFileType = sourcecode.c.h; path = CDataScanner.h; sourceTree = "<group>"; };
		F5148AEE1580E707002B3D61 /* CDataScanner.m */ = {isa = PBXFileReference; fileEncoding = 4; lastKnownFileType = sourcecode.c.objc; path = CDataScanner.m; sourceTree = "<group>"; };
		F5148AF01580E707002B3D61 /* CFilteringJSONSerializer.h */ = {isa = PBXFileReference; fileEncoding = 4; lastKnownFileType = sourcecode.c.h; path = CFilteringJSONSerializer.h; sourceTree = "<group>"; };
		F5148AF11580E707002B3D61 /* CFilteringJSONSerializer.m */ = {isa = PBXFileReference; fileEncoding = 4; lastKnownFileType = sourcecode.c.objc; path = CFilteringJSONSerializer.m; sourceTree = "<group>"; };
		F5148AF21580E707002B3D61 /* CJSONDeserializer_BlocksExtensions.h */ = {isa = PBXFileReference; fileEncoding = 4; lastKnownFileType = sourcecode.c.h; path = CJSONDeserializer_BlocksExtensions.h; sourceTree = "<group>"; };
		F5148AF31580E707002B3D61 /* CJSONDeserializer_BlocksExtensions.m */ = {isa = PBXFileReference; fileEncoding = 4; lastKnownFileType = sourcecode.c.objc; path = CJSONDeserializer_BlocksExtensions.m; sourceTree = "<group>"; };
		F5148AF41580E707002B3D61 /* CJSONSerialization.h */ = {isa = PBXFileReference; fileEncoding = 4; lastKnownFileType = sourcecode.c.h; path = CJSONSerialization.h; sourceTree = "<group>"; };
		F5148AF51580E707002B3D61 /* CJSONSerialization.m */ = {isa = PBXFileReference; fileEncoding = 4; lastKnownFileType = sourcecode.c.objc; path = CJSONSerialization.m; sourceTree = "<group>"; };
		F5148AF61580E707002B3D61 /* CJSONSerializedData.h */ = {isa = PBXFileReference; fileEncoding = 4; lastKnownFileType = sourcecode.c.h; path = CJSONSerializedData.h; sourceTree = "<group>"; };
		F5148AF71580E707002B3D61 /* CJSONSerializedData.m */ = {isa = PBXFileReference; fileEncoding = 4; lastKnownFileType = sourcecode.c.objc; path = CJSONSerializedData.m; sourceTree = "<group>"; };
		F5148AF91580E707002B3D61 /* CDataScanner_Extensions.h */ = {isa = PBXFileReference; fileEncoding = 4; lastKnownFileType = sourcecode.c.h; path = CDataScanner_Extensions.h; sourceTree = "<group>"; };
		F5148AFA1580E707002B3D61 /* CDataScanner_Extensions.m */ = {isa = PBXFileReference; fileEncoding = 4; lastKnownFileType = sourcecode.c.objc; path = CDataScanner_Extensions.m; sourceTree = "<group>"; };
		F5148AFB1580E707002B3D61 /* NSDictionary_JSONExtensions.h */ = {isa = PBXFileReference; fileEncoding = 4; lastKnownFileType = sourcecode.c.h; path = NSDictionary_JSONExtensions.h; sourceTree = "<group>"; };
		F5148AFC1580E707002B3D61 /* NSDictionary_JSONExtensions.m */ = {isa = PBXFileReference; fileEncoding = 4; lastKnownFileType = sourcecode.c.objc; path = NSDictionary_JSONExtensions.m; sourceTree = "<group>"; };
		F5148AFE1580E707002B3D61 /* CJSONDeserializer.h */ = {isa = PBXFileReference; fileEncoding = 4; lastKnownFileType = sourcecode.c.h; path = CJSONDeserializer.h; sourceTree = "<group>"; };
		F5148AFF1580E707002B3D61 /* CJSONDeserializer.m */ = {isa = PBXFileReference; fileEncoding = 4; lastKnownFileType = sourcecode.c.objc; path = CJSONDeserializer.m; sourceTree = "<group>"; };
		F5148B001580E707002B3D61 /* CJSONScanner.h */ = {isa = PBXFileReference; fileEncoding = 4; lastKnownFileType = sourcecode.c.h; path = CJSONScanner.h; sourceTree = "<group>"; };
		F5148B011580E707002B3D61 /* CJSONScanner.m */ = {isa = PBXFileReference; fileEncoding = 4; lastKnownFileType = sourcecode.c.objc; path = CJSONScanner.m; sourceTree = "<group>"; };
		F5148B021580E707002B3D61 /* CJSONSerializer.h */ = {isa = PBXFileReference; fileEncoding = 4; lastKnownFileType = sourcecode.c.h; path = CJSONSerializer.h; sourceTree = "<group>"; };
		F5148B031580E707002B3D61 /* CJSONSerializer.m */ = {isa = PBXFileReference; fileEncoding = 4; lastKnownFileType = sourcecode.c.objc; path = CJSONSerializer.m; sourceTree = "<group>"; };
		F5148B041580E707002B3D61 /* JSONRepresentation.h */ = {isa = PBXFileReference; fileEncoding = 4; lastKnownFileType = sourcecode.c.h; path = JSONRepresentation.h; sourceTree = "<group>"; };
		F5148B211580E904002B3D61 /* DMControlCenter.h */ = {isa = PBXFileReference; fileEncoding = 4; lastKnownFileType = sourcecode.c.h; path = DMControlCenter.h; sourceTree = "<group>"; };
		F5148B221580E904002B3D61 /* DMControlCenter.m */ = {isa = PBXFileReference; fileEncoding = 4; lastKnownFileType = sourcecode.c.objc; path = DMControlCenter.m; sourceTree = "<group>"; };
		F5148B241580E904002B3D61 /* DMPlayableCapsule.h */ = {isa = PBXFileReference; fileEncoding = 4; lastKnownFileType = sourcecode.c.h; path = DMPlayableCapsule.h; sourceTree = "<group>"; };
		F5148B251580E904002B3D61 /* DMPlayableCapsule.m */ = {isa = PBXFileReference; fileEncoding = 4; lastKnownFileType = sourcecode.c.objc; path = DMPlayableCapsule.m; sourceTree = "<group>"; };
		F5148B261580E904002B3D61 /* DMPlayableCapsuleDelegate.h */ = {isa = PBXFileReference; fileEncoding = 4; lastKnownFileType = sourcecode.c.h; path = DMPlayableCapsuleDelegate.h; sourceTree = "<group>"; };
		F5148B281580E904002B3D61 /* DMPlaylistFetcher.h */ = {isa = PBXFileReference; fileEncoding = 4; lastKnownFileType = sourcecode.c.h; path = DMPlaylistFetcher.h; sourceTree = "<group>"; };
		F5148B291580E904002B3D61 /* DMPlaylistFetcher.m */ = {isa = PBXFileReference; fileEncoding = 4; lastKnownFileType = sourcecode.c.objc; path = DMPlaylistFetcher.m; sourceTree = "<group>"; };
		F5148B2A1580E904002B3D61 /* DMPlaylistFetcherDeleate.h */ = {isa = PBXFileReference; fileEncoding = 4; lastKnownFileType = sourcecode.c.h; path = DMPlaylistFetcherDeleate.h; sourceTree = "<group>"; };
		F5148B2C1580E904002B3D61 /* NSDictionary+UrlEncoding.h */ = {isa = PBXFileReference; fileEncoding = 4; lastKnownFileType = sourcecode.c.h; path = "NSDictionary+UrlEncoding.h"; sourceTree = "<group>"; };
		F5148B2D1580E904002B3D61 /* NSDictionary+UrlEncoding.m */ = {isa = PBXFileReference; fileEncoding = 4; lastKnownFileType = sourcecode.c.objc; path = "NSDictionary+UrlEncoding.m"; sourceTree = "<group>"; };
		F5148B491580EE1F002B3D61 /* Carbon.framework */ = {isa = PBXFileReference; lastKnownFileType = wrapper.framework; name = Carbon.framework; path = System/Library/Frameworks/Carbon.framework; sourceTree = SDKROOT; };
		F5148B4B1580EE4D002B3D61 /* Security.framework */ = {isa = PBXFileReference; lastKnownFileType = wrapper.framework; name = Security.framework; path = System/Library/Frameworks/Security.framework; sourceTree = SDKROOT; };
		F5148B4D1580EE68002B3D61 /* QTKit.framework */ = {isa = PBXFileReference; lastKnownFileType = wrapper.framework; name = QTKit.framework; path = System/Library/Frameworks/QTKit.framework; sourceTree = SDKROOT; };
		F5148B4F1580EE92002B3D61 /* QuartzCore.framework */ = {isa = PBXFileReference; lastKnownFileType = wrapper.framework; name = QuartzCore.framework; path = System/Library/Frameworks/QuartzCore.framework; sourceTree = SDKROOT; };
		F515C15C15B6F07500210826 /* MenubarController.h */ = {isa = PBXFileReference; fileEncoding = 4; lastKnownFileType = sourcecode.c.h; path = MenubarController.h; sourceTree = "<group>"; };
		F515C15D15B6F07500210826 /* MenubarController.m */ = {isa = PBXFileReference; fileEncoding = 4; lastKnownFileType = sourcecode.c.objc; path = MenubarController.m; sourceTree = "<group>"; };
		F515C15E15B6F07500210826 /* StatusItemView.h */ = {isa = PBXFileReference; fileEncoding = 4; lastKnownFileType = sourcecode.c.h; path = StatusItemView.h; sourceTree = "<group>"; };
		F515C15F15B6F07500210826 /* StatusItemView.m */ = {isa = PBXFileReference; fileEncoding = 4; lastKnownFileType = sourcecode.c.objc; path = StatusItemView.m; sourceTree = "<group>"; };
		F515C16315B6FAA000210826 /* status-icon-alt.png */ = {isa = PBXFileReference; lastKnownFileType = image.png; path = "status-icon-alt.png"; sourceTree = "<group>"; };
		F515C16415B6FAA000210826 /* status-icon.png */ = {isa = PBXFileReference; lastKnownFileType = image.png; path = "status-icon.png"; sourceTree = "<group>"; };
		F517B91115C1760200097815 /* settings.png */ = {isa = PBXFileReference; lastKnownFileType = image.png; path = settings.png; sourceTree = "<group>"; };
		F5237A0415C958A500D2A1F2 /* share.png */ = {isa = PBXFileReference; lastKnownFileType = image.png; path = share.png; sourceTree = "<group>"; };
		F5237A0515C958A500D2A1F2 /* share@2x.png */ = {isa = PBXFileReference; lastKnownFileType = image.png; path = "share@2x.png"; sourceTree = "<group>"; };
		F5237A0D15C96DE800D2A1F2 /* arrowleft.png */ = {isa = PBXFileReference; lastKnownFileType = image.png; path = arrowleft.png; sourceTree = "<group>"; };
		F5237A0E15C96DE800D2A1F2 /* arrowright.png */ = {isa = PBXFileReference; lastKnownFileType = image.png; path = arrowright.png; sourceTree = "<group>"; };
		F528B1A815BC54B500DC82B4 /* DMNotificationCenter.h */ = {isa = PBXFileReference; fileEncoding = 4; lastKnownFileType = sourcecode.c.h; name = DMNotificationCenter.h; path = DMNotificationCenter/DMNotificationCenter.h; sourceTree = "<group>"; };
		F528B1A915BC54B500DC82B4 /* DMNotificationCenter.m */ = {isa = PBXFileReference; fileEncoding = 4; lastKnownFileType = sourcecode.c.objc; name = DMNotificationCenter.m; path = DMNotificationCenter/DMNotificationCenter.m; sourceTree = "<group>"; };
		F528CA3C15C2DECD00094E35 /* facebook.png */ = {isa = PBXFileReference; lastKnownFileType = image.png; path = facebook.png; sourceTree = "<group>"; };
		F528CA3D15C2DECD00094E35 /* facebook@2x.png */ = {isa = PBXFileReference; lastKnownFileType = image.png; path = "facebook@2x.png"; sourceTree = "<group>"; };
		F528CA3E15C2DECD00094E35 /* twitter.png */ = {isa = PBXFileReference; lastKnownFileType = image.png; path = twitter.png; sourceTree = "<group>"; };
		F528CA3F15C2DECD00094E35 /* twitter@2x.png */ = {isa = PBXFileReference; lastKnownFileType = image.png; path = "twitter@2x.png"; sourceTree = "<group>"; };
		F528CA4515C2E12700094E35 /* douban@2x.png */ = {isa = PBXFileReference; lastKnownFileType = image.png; path = "douban@2x.png"; sourceTree = "<group>"; };
		F528CA4615C2E12700094E35 /* fanfou.png */ = {isa = PBXFileReference; lastKnownFileType = image.png; path = fanfou.png; sourceTree = "<group>"; };
		F528CA4715C2E12700094E35 /* fanfou@2x.png */ = {isa = PBXFileReference; lastKnownFileType = image.png; path = "fanfou@2x.png"; sourceTree = "<group>"; };
		F528CA4815C2E12700094E35 /* sina.png */ = {isa = PBXFileReference; lastKnownFileType = image.png; path = sina.png; sourceTree = "<group>"; };
		F528CA4915C2E12700094E35 /* sina@2x.png */ = {isa = PBXFileReference; lastKnownFileType = image.png; path = "sina@2x.png"; sourceTree = "<group>"; };
		F528CA5015C2E16E00094E35 /* douban.png */ = {isa = PBXFileReference; lastKnownFileType = image.png; path = douban.png; sourceTree = "<group>"; };
		F52EEC23158F8053004A39EF /* heart-icon.png */ = {isa = PBXFileReference; lastKnownFileType = image.png; path = "heart-icon.png"; sourceTree = "<group>"; };
		F52EEC24158F8053004A39EF /* played-icon.png */ = {isa = PBXFileReference; lastKnownFileType = image.png; path = "played-icon.png"; sourceTree = "<group>"; };
		F52EEC25158F8053004A39EF /* trash-icon.png */ = {isa = PBXFileReference; lastKnownFileType = image.png; path = "trash-icon.png"; sourceTree = "<group>"; };
		F52F3B87159627F700EDBBD7 /* albumfail.png */ = {isa = PBXFileReference; lastKnownFileType = image.png; path = albumfail.png; sourceTree = "<group>"; };
		F53C78DC15CC0AA000201C65 /* DMService.h */ = {isa = PBXFileReference; fileEncoding = 4; lastKnownFileType = sourcecode.c.h; name = DMService.h; path = DMService/DMService.h; sourceTree = "<group>"; };
		F53C78DD15CC0AA000201C65 /* DMService.m */ = {isa = PBXFileReference; fileEncoding = 4; lastKnownFileType = sourcecode.c.objc; name = DMService.m; path = DMService/DMService.m; sourceTree = "<group>"; };
		F53C78E715CC0D0C00201C65 /* NSData+AESCrypt.h */ = {isa = PBXFileReference; fileEncoding = 4; lastKnownFileType = sourcecode.c.h; path = "NSData+AESCrypt.h"; sourceTree = "<group>"; };
		F53C78E815CC0D0C00201C65 /* NSData+AESCrypt.m */ = {isa = PBXFileReference; fileEncoding = 4; lastKnownFileType = sourcecode.c.objc; path = "NSData+AESCrypt.m"; sourceTree = "<group>"; };
		F53C78E915CC0D0C00201C65 /* NSData+Base64.h */ = {isa = PBXFileReference; fileEncoding = 4; lastKnownFileType = sourcecode.c.h; path = "NSData+Base64.h"; sourceTree = "<group>"; };
		F53C78EA15CC0D0C00201C65 /* NSData+Base64.m */ = {isa = PBXFileReference; fileEncoding = 4; lastKnownFileType = sourcecode.c.objc; path = "NSData+Base64.m"; sourceTree = "<group>"; };
		F545840315B8694300F3A55B /* exit.png */ = {isa = PBXFileReference; lastKnownFileType = image.png; path = exit.png; sourceTree = "<group>"; };
		F545840515B86EF500F3A55B /* greyheart.png */ = {isa = PBXFileReference; lastKnownFileType = image.png; path = greyheart.png; sourceTree = "<group>"; };
		F545840615B86EF500F3A55B /* redheart.png */ = {isa = PBXFileReference; lastKnownFileType = image.png; path = redheart.png; sourceTree = "<group>"; };
		F54A524D158347DE00F6C18A /* DMDoubanAuthHelper.h */ = {isa = PBXFileReference; fileEncoding = 4; lastKnownFileType = sourcecode.c.h; name = DMDoubanAuthHelper.h; path = DMDoubanAuthHelper/DMDoubanAuthHelper.h; sourceTree = "<group>"; };
		F54A524E158347DE00F6C18A /* DMDoubanAuthHelper.m */ = {isa = PBXFileReference; fileEncoding = 4; lastKnownFileType = sourcecode.c.objc; name = DMDoubanAuthHelper.m; path = DMDoubanAuthHelper/DMDoubanAuthHelper.m; sourceTree = "<group>"; };
		F555569815C04DB100894E8D /* icon.icns */ = {isa = PBXFileReference; lastKnownFileType = image.icns; path = icon.icns; sourceTree = "<group>"; };
		F55A75981595FA230022574F /* play.png */ = {isa = PBXFileReference; lastKnownFileType = image.png; path = play.png; sourceTree = "<group>"; };
		F566F60C15C6E4A200FC7143 /* NSImage+AsyncLoadImage.h */ = {isa = PBXFileReference; fileEncoding = 4; lastKnownFileType = sourcecode.c.h; path = "NSImage+AsyncLoadImage.h"; sourceTree = "<group>"; };
		F566F60D15C6E4A200FC7143 /* NSImage+AsyncLoadImage.m */ = {isa = PBXFileReference; fileEncoding = 4; lastKnownFileType = sourcecode.c.objc; path = "NSImage+AsyncLoadImage.m"; sourceTree = "<group>"; };
		F56F57B515CD851000C35515 /* volume_back.png */ = {isa = PBXFileReference; lastKnownFileType = image.png; path = volume_back.png; sourceTree = "<group>"; };
		F56F57B615CD851000C35515 /* volume_slider.png */ = {isa = PBXFileReference; lastKnownFileType = image.png; path = volume_slider.png; sourceTree = "<group>"; };
		F5815F551590E397007EB0D3 /* channels.plist */ = {isa = PBXFileReference; fileEncoding = 4; lastKnownFileType = text.plist.xml; path = channels.plist; sourceTree = "<group>"; };
		F58653D115C82C5200352B4C /* slide1.png */ = {isa = PBXFileReference; lastKnownFileType = image.png; name = slide1.png; path = slides/slide1.png; sourceTree = "<group>"; };
		F58653D215C82C5200352B4C /* slide2.png */ = {isa = PBXFileReference; lastKnownFileType = image.png; name = slide2.png; path = slides/slide2.png; sourceTree = "<group>"; };
		F58653D315C82C5200352B4C /* slide3.png */ = {isa = PBXFileReference; lastKnownFileType = image.png; name = slide3.png; path = slides/slide3.png; sourceTree = "<group>"; };
		F58653D415C82C5200352B4C /* slide4.png */ = {isa = PBXFileReference; lastKnownFileType = image.png; name = slide4.png; path = slides/slide4.png; sourceTree = "<group>"; };
		F58B011215BEF28500E4A7E5 /* DMShortcutsHandler.h */ = {isa = PBXFileReference; fileEncoding = 4; lastKnownFileType = sourcecode.c.h; path = DMShortcutsHandler.h; sourceTree = "<group>"; };
		F58B011315BEF28500E4A7E5 /* DMShortcutsHandler.m */ = {isa = PBXFileReference; fileEncoding = 4; lastKnownFileType = sourcecode.c.objc; path = DMShortcutsHandler.m; sourceTree = "<group>"; };
		F5AACEEB159C93E4003DA427 /* eye_icon.png */ = {isa = PBXFileReference; lastKnownFileType = image.png; path = eye_icon.png; sourceTree = "<group>"; };
		F5AACEEC159C93E4003DA427 /* info_icon.png */ = {isa = PBXFileReference; lastKnownFileType = image.png; path = info_icon.png; sourceTree = "<group>"; };
		F5AACEED159C93E4003DA427 /* share_icon.png */ = {isa = PBXFileReference; lastKnownFileType = image.png; path = share_icon.png; sourceTree = "<group>"; };
		F5ABA90715D0161B00860EF5 /* export.png */ = {isa = PBXFileReference; lastKnownFileType = image.png; path = export.png; sourceTree = "<group>"; };
		F5ABA90815D0161B00860EF5 /* export@2x.png */ = {isa = PBXFileReference; lastKnownFileType = image.png; path = "export@2x.png"; sourceTree = "<group>"; };
		F5ABA90915D0161B00860EF5 /* import.png */ = {isa = PBXFileReference; lastKnownFileType = image.png; path = import.png; sourceTree = "<group>"; };
		F5ABA90A15D0161B00860EF5 /* import@2x.png */ = {isa = PBXFileReference; lastKnownFileType = image.png; path = "import@2x.png"; sourceTree = "<group>"; };
		F5B9DC7A15BD995B004788A9 /* Growl.framework */ = {isa = PBXFileReference; lastKnownFileType = wrapper.framework; path = Growl.framework; sourceTree = "<group>"; };
		F5B9DC8015BDACC6004788A9 /* status-icon-mixed.png */ = {isa = PBXFileReference; lastKnownFileType = image.png; path = "status-icon-mixed.png"; sourceTree = "<group>"; };
		F5BB89F2159744B80017E6FE /* DMVolumeSlideCell.h */ = {isa = PBXFileReference; fileEncoding = 4; lastKnownFileType = sourcecode.c.h; name = DMVolumeSlideCell.h; path = DMVolumeSlideCell/DMVolumeSlideCell.h; sourceTree = "<group>"; };
		F5BB89F3159744B80017E6FE /* DMVolumeSlideCell.m */ = {isa = PBXFileReference; fileEncoding = 4; lastKnownFileType = sourcecode.c.objc; name = DMVolumeSlideCell.m; path = DMVolumeSlideCell/DMVolumeSlideCell.m; sourceTree = "<group>"; };
		F5BB89F5159748DB0017E6FE /* sound_high.png */ = {isa = PBXFileReference; lastKnownFileType = image.png; path = sound_high.png; sourceTree = "<group>"; };
		F5BB89F6159748DB0017E6FE /* sound_low.png */ = {isa = PBXFileReference; lastKnownFileType = image.png; path = sound_low.png; sourceTree = "<group>"; };
		F5BB89F7159748DB0017E6FE /* sound_mute.png */ = {isa = PBXFileReference; lastKnownFileType = image.png; path = sound_mute.png; sourceTree = "<group>"; };
		F5D362FE15A1F0EF003A40B2 /* DMDocument.h */ = {isa = PBXFileReference; fileEncoding = 4; lastKnownFileType = sourcecode.c.h; path = DMDocument.h; sourceTree = "<group>"; };
		F5D362FF15A1F0EF003A40B2 /* DMDocument.m */ = {isa = PBXFileReference; fileEncoding = 4; lastKnownFileType = sourcecode.c.objc; path = DMDocument.m; sourceTree = "<group>"; };
		F5D3630215A1F0EF003A40B2 /* DMDetailViewController.h */ = {isa = PBXFileReference; fileEncoding = 4; lastKnownFileType = sourcecode.c.h; path = DMDetailViewController.h; sourceTree = "<group>"; };
		F5D3630315A1F0EF003A40B2 /* DMDetailViewController.m */ = {isa = PBXFileReference; fileEncoding = 4; lastKnownFileType = sourcecode.c.objc; path = DMDetailViewController.m; sourceTree = "<group>"; };
		F5D3630415A1F0EF003A40B2 /* DMDocumentWindow.xib */ = {isa = PBXFileReference; fileEncoding = 4; lastKnownFileType = file.xib; path = DMDocumentWindow.xib; sourceTree = "<group>"; };
		F5D3630515A1F0EF003A40B2 /* DMDocumentWindowController.h */ = {isa = PBXFileReference; fileEncoding = 4; lastKnownFileType = sourcecode.c.h; path = DMDocumentWindowController.h; sourceTree = "<group>"; };
		F5D3630615A1F0EF003A40B2 /* DMDocumentWindowController.m */ = {isa = PBXFileReference; fileEncoding = 4; lastKnownFileType = sourcecode.c.objc; path = DMDocumentWindowController.m; sourceTree = "<group>"; };
		F5D3630815A1F0EF003A40B2 /* EDStarRating.h */ = {isa = PBXFileReference; fileEncoding = 4; lastKnownFileType = sourcecode.c.h; path = EDStarRating.h; sourceTree = "<group>"; };
		F5D3630915A1F0EF003A40B2 /* EDStarRating.m */ = {isa = PBXFileReference; fileEncoding = 4; lastKnownFileType = sourcecode.c.objc; path = EDStarRating.m; sourceTree = "<group>"; };
		F5D3630B15A1F0EF003A40B2 /* JUInspectorBaseView.h */ = {isa = PBXFileReference; fileEncoding = 4; lastKnownFileType = sourcecode.c.h; path = JUInspectorBaseView.h; sourceTree = "<group>"; };
		F5D3630C15A1F0EF003A40B2 /* JUInspectorBaseView.m */ = {isa = PBXFileReference; fileEncoding = 4; lastKnownFileType = sourcecode.c.objc; path = JUInspectorBaseView.m; sourceTree = "<group>"; };
		F5D3630D15A1F0EF003A40B2 /* JUInspectorView.h */ = {isa = PBXFileReference; fileEncoding = 4; lastKnownFileType = sourcecode.c.h; path = JUInspectorView.h; sourceTree = "<group>"; };
		F5D3630E15A1F0EF003A40B2 /* JUInspectorView.m */ = {isa = PBXFileReference; fileEncoding = 4; lastKnownFileType = sourcecode.c.objc; path = JUInspectorView.m; sourceTree = "<group>"; };
		F5D3630F15A1F0EF003A40B2 /* JUInspectorViewContainer.h */ = {isa = PBXFileReference; fileEncoding = 4; lastKnownFileType = sourcecode.c.h; path = JUInspectorViewContainer.h; sourceTree = "<group>"; };
		F5D3631015A1F0EF003A40B2 /* JUInspectorViewContainer.m */ = {isa = PBXFileReference; fileEncoding = 4; lastKnownFileType = sourcecode.c.objc; path = JUInspectorViewContainer.m; sourceTree = "<group>"; };
		F5D3631115A1F0EF003A40B2 /* JUInspectorViewHeader.h */ = {isa = PBXFileReference; fileEncoding = 4; lastKnownFileType = sourcecode.c.h; path = JUInspectorViewHeader.h; sourceTree = "<group>"; };
		F5D3631215A1F0EF003A40B2 /* JUInspectorViewHeader.m */ = {isa = PBXFileReference; fileEncoding = 4; lastKnownFileType = sourcecode.c.objc; path = JUInspectorViewHeader.m; sourceTree = "<group>"; };
		F5D3631415A1F0EF003A40B2 /* NSDictionary+SMKeyValueObserving.h */ = {isa = PBXFileReference; fileEncoding = 4; lastKnownFileType = sourcecode.c.h; path = "NSDictionary+SMKeyValueObserving.h"; sourceTree = "<group>"; };
		F5D3631515A1F0EF003A40B2 /* NSDictionary+SMKeyValueObserving.m */ = {isa = PBXFileReference; fileEncoding = 4; lastKnownFileType = sourcecode.c.objc; path = "NSDictionary+SMKeyValueObserving.m"; sourceTree = "<group>"; };
		F5D3631615A1F0EF003A40B2 /* SMBar.h */ = {isa = PBXFileReference; fileEncoding = 4; lastKnownFileType = sourcecode.c.h; path = SMBar.h; sourceTree = "<group>"; };
		F5D3631715A1F0EF003A40B2 /* SMBar.m */ = {isa = PBXFileReference; fileEncoding = 4; lastKnownFileType = sourcecode.c.objc; path = SMBar.m; sourceTree = "<group>"; };
		F5D3631815A1F0EF003A40B2 /* SMTabBar.h */ = {isa = PBXFileReference; fileEncoding = 4; lastKnownFileType = sourcecode.c.h; path = SMTabBar.h; sourceTree = "<group>"; };
		F5D3631915A1F0EF003A40B2 /* SMTabBar.m */ = {isa = PBXFileReference; fileEncoding = 4; lastKnownFileType = sourcecode.c.objc; path = SMTabBar.m; sourceTree = "<group>"; };
		F5D3631A15A1F0EF003A40B2 /* SMTabBarButtonCell.h */ = {isa = PBXFileReference; fileEncoding = 4; lastKnownFileType = sourcecode.c.h; path = SMTabBarButtonCell.h; sourceTree = "<group>"; };
		F5D3631B15A1F0EF003A40B2 /* SMTabBarButtonCell.m */ = {isa = PBXFileReference; fileEncoding = 4; lastKnownFileType = sourcecode.c.objc; path = SMTabBarButtonCell.m; sourceTree = "<group>"; };
		F5D3631C15A1F0EF003A40B2 /* SMTabBarItem.h */ = {isa = PBXFileReference; fileEncoding = 4; lastKnownFileType = sourcecode.c.h; path = SMTabBarItem.h; sourceTree = "<group>"; };
		F5D3631D15A1F0EF003A40B2 /* SMTabBarItem.m */ = {isa = PBXFileReference; fileEncoding = 4; lastKnownFileType = sourcecode.c.objc; path = SMTabBarItem.m; sourceTree = "<group>"; };
		F5D3633015A1F1EA003A40B2 /* view_icon.png */ = {isa = PBXFileReference; lastKnownFileType = image.png; path = view_icon.png; sourceTree = "<group>"; };
		F5D3633215A1F1F2003A40B2 /* detail_icon.png */ = {isa = PBXFileReference; lastKnownFileType = image.png; path = detail_icon.png; sourceTree = "<group>"; };
		F5D3633415A1F1FF003A40B2 /* play_album.png */ = {isa = PBXFileReference; lastKnownFileType = image.png; path = play_album.png; sourceTree = "<group>"; };
		F5D3633515A1F1FF003A40B2 /* star.png */ = {isa = PBXFileReference; lastKnownFileType = image.png; path = star.png; sourceTree = "<group>"; };
		F5D3633615A1F1FF003A40B2 /* starhighlighted.png */ = {isa = PBXFileReference; lastKnownFileType = image.png; path = starhighlighted.png; sourceTree = "<group>"; };
		F5D3633715A1F1FF003A40B2 /* time_machine.png */ = {isa = PBXFileReference; lastKnownFileType = image.png; path = time_machine.png; sourceTree = "<group>"; };
		F5D3633E15A1F3AF003A40B2 /* DMPlayRecordHandler.h */ = {isa = PBXFileReference; fileEncoding = 4; lastKnownFileType = sourcecode.c.h; name = DMPlayRecordHandler.h; path = DMPlayRecordHandler/DMPlayRecordHandler.h; sourceTree = "<group>"; };
		F5D3633F15A1F3AF003A40B2 /* DMPlayRecordHandler.m */ = {isa = PBXFileReference; fileEncoding = 4; lastKnownFileType = sourcecode.c.objc; name = DMPlayRecordHandler.m; path = DMPlayRecordHandler/DMPlayRecordHandler.m; sourceTree = "<group>"; };
		F5D9A4E515C19E2A005DE460 /* libxml2.2.dylib */ = {isa = PBXFileReference; lastKnownFileType = "compiled.mach-o.dylib"; name = libxml2.2.dylib; path = usr/lib/libxml2.2.dylib; sourceTree = SDKROOT; };
		F5DFF19715BADEEB00ED3DAA /* MASShortcut+UserDefaults.h */ = {isa = PBXFileReference; fileEncoding = 4; lastKnownFileType = sourcecode.c.h; path = "MASShortcut+UserDefaults.h"; sourceTree = "<group>"; };
		F5DFF19815BADEEB00ED3DAA /* MASShortcut+UserDefaults.m */ = {isa = PBXFileReference; fileEncoding = 4; lastKnownFileType = sourcecode.c.objc; path = "MASShortcut+UserDefaults.m"; sourceTree = "<group>"; };
		F5DFF19915BADEEB00ED3DAA /* MASShortcut.h */ = {isa = PBXFileReference; fileEncoding = 4; lastKnownFileType = sourcecode.c.h; path = MASShortcut.h; sourceTree = "<group>"; };
		F5DFF19A15BADEEB00ED3DAA /* MASShortcut.m */ = {isa = PBXFileReference; fileEncoding = 4; lastKnownFileType = sourcecode.c.objc; path = MASShortcut.m; sourceTree = "<group>"; };
		F5DFF19B15BADEEB00ED3DAA /* MASShortcutView+UserDefaults.h */ = {isa = PBXFileReference; fileEncoding = 4; lastKnownFileType = sourcecode.c.h; path = "MASShortcutView+UserDefaults.h"; sourceTree = "<group>"; };
		F5DFF19C15BADEEB00ED3DAA /* MASShortcutView+UserDefaults.m */ = {isa = PBXFileReference; fileEncoding = 4; lastKnownFileType = sourcecode.c.objc; path = "MASShortcutView+UserDefaults.m"; sourceTree = "<group>"; };
		F5DFF19D15BADEEB00ED3DAA /* MASShortcutView.h */ = {isa = PBXFileReference; fileEncoding = 4; lastKnownFileType = sourcecode.c.h; path = MASShortcutView.h; sourceTree = "<group>"; };
		F5DFF19E15BADEEB00ED3DAA /* MASShortcutView.m */ = {isa = PBXFileReference; fileEncoding = 4; lastKnownFileType = sourcecode.c.objc; path = MASShortcutView.m; sourceTree = "<group>"; };
		F5ECCBEA158CC71600512F6A /* DMPopUpButtonCell.h */ = {isa = PBXFileReference; fileEncoding = 4; lastKnownFileType = sourcecode.c.h; path = DMPopUpButtonCell.h; sourceTree = "<group>"; };
		F5ECCBEB158CC71600512F6A /* DMPopUpButtonCell.m */ = {isa = PBXFileReference; fileEncoding = 4; lastKnownFileType = sourcecode.c.objc; path = DMPopUpButtonCell.m; sourceTree = "<group>"; };
		F5ECCBED158CC85600512F6A /* DMPopUpMenuController.h */ = {isa = PBXFileReference; fileEncoding = 4; lastKnownFileType = sourcecode.c.h; path = DMPopUpMenuController.h; sourceTree = "<group>"; };
		F5ECCBEE158CC85600512F6A /* DMPopUpMenuController.m */ = {isa = PBXFileReference; fileEncoding = 4; lastKnownFileType = sourcecode.c.objc; path = DMPopUpMenuController.m; sourceTree = "<group>"; };
		F5ECCBF7158CDF2800512F6A /* DMPrefsPanel.xib */ = {isa = PBXFileReference; fileEncoding = 4; lastKnownFileType = file.xib; path = DMPrefsPanel.xib; sourceTree = "<group>"; };
		F5ECCBFF158CE39500512F6A /* PLTabPreferenceControl.h */ = {isa = PBXFileReference; fileEncoding = 4; lastKnownFileType = sourcecode.c.h; path = PLTabPreferenceControl.h; sourceTree = "<group>"; };
		F5ECCC00158CE39500512F6A /* PLTabPreferenceControl.m */ = {isa = PBXFileReference; fileEncoding = 4; lastKnownFileType = sourcecode.c.objc; path = PLTabPreferenceControl.m; sourceTree = "<group>"; };
		F5ECCC02158CE43100512F6A /* DMPrefsPanelDataProvider.h */ = {isa = PBXFileReference; fileEncoding = 4; lastKnownFileType = sourcecode.c.h; path = DMPrefsPanelDataProvider.h; sourceTree = "<group>"; };
		F5ECCC03158CE43100512F6A /* DMPrefsPanelDataProvider.m */ = {isa = PBXFileReference; fileEncoding = 4; lastKnownFileType = sourcecode.c.objc; path = DMPrefsPanelDataProvider.m; sourceTree = "<group>"; };
		F5FC4DA415A31F8E00197D1A /* DMPlayRecordModel.xcdatamodel */ = {isa = PBXFileReference; lastKnownFileType = wrapper.xcdatamodel; path = DMPlayRecordModel.xcdatamodel; sourceTree = "<group>"; };
/* End PBXFileReference section */

/* Begin PBXFrameworksBuildPhase section */
		F5148AAB1580E58D002B3D61 /* Frameworks */ = {
			isa = PBXFrameworksBuildPhase;
			buildActionMask = 2147483647;
			files = (
				F5D9A4E615C19E2A005DE460 /* libxml2.2.dylib in Frameworks */,
				F5148B501580EE92002B3D61 /* QuartzCore.framework in Frameworks */,
				F5148B4E1580EE68002B3D61 /* QTKit.framework in Frameworks */,
				F5148B4C1580EE4D002B3D61 /* Security.framework in Frameworks */,
				F5148B4A1580EE1F002B3D61 /* Carbon.framework in Frameworks */,
				F5148AB31580E58D002B3D61 /* Cocoa.framework in Frameworks */,
				F5B9DC7B15BD995B004788A9 /* Growl.framework in Frameworks */,
			);
			runOnlyForDeploymentPostprocessing = 0;
		};
/* End PBXFrameworksBuildPhase section */

/* Begin PBXGroup section */
		3F50FC4115DB4981000E5147 /* DMButton */ = {
			isa = PBXGroup;
			children = (
				3F50FC4215DB4981000E5147 /* DMButton.h */,
				3F50FC4315DB4981000E5147 /* DMButton.m */,
			);
			path = DMButton;
			sourceTree = "<group>";
		};
		3FBE809515D4A615001A3BEC /* DMErrorLog */ = {
			isa = PBXGroup;
			children = (
				3FBE809715D4A632001A3BEC /* DMErrorLog.h */,
				3FBE809815D4A632001A3BEC /* DMErrorLog.m */,
			);
			name = DMErrorLog;
			sourceTree = "<group>";
		};
		F501B3AC15877062001C6158 /* ui */ = {
			isa = PBXGroup;
			children = (
				F5ECCBF4158CDF0000512F6A /* DMPrefsPanel */,
				F501B3AD15877062001C6158 /* DMPanel */,
			);
			path = ui;
			sourceTree = "<group>";
		};
		F501B3AD15877062001C6158 /* DMPanel */ = {
			isa = PBXGroup;
			children = (
				3F50FC4115DB4981000E5147 /* DMButton */,
				F5BB89F01597447F0017E6FE /* DMVolumeSlideCell */,
				F5ECCBE9158CC71600512F6A /* DMPopUpButtonCell */,
				F501B3AE15877062001C6158 /* DMCoverControlView */,
				F501B3B115877062001C6158 /* DMCoverSlide */,
				F501B3BA1587708F001C6158 /* DMPanelWindowController.h */,
				F501B3BB1587708F001C6158 /* DMPanelWindowController.m */,
				F501B3BC1587708F001C6158 /* DMPanelWindowController.xib */,
				3F8A956215D9FEE500701895 /* DMPanel.h */,
				3F8A956315D9FEE500701895 /* DMPanel.m */,
			);
			path = DMPanel;
			sourceTree = "<group>";
		};
		F501B3AE15877062001C6158 /* DMCoverControlView */ = {
			isa = PBXGroup;
			children = (
				F501B3AF15877062001C6158 /* DMCoverControlView.h */,
				F501B3B015877062001C6158 /* DMCoverControlView.m */,
			);
			path = DMCoverControlView;
			sourceTree = "<group>";
		};
		F501B3B115877062001C6158 /* DMCoverSlide */ = {
			isa = PBXGroup;
			children = (
				F501B3B215877062001C6158 /* DMCoverSlide.h */,
				F501B3B315877062001C6158 /* DMCoverSlide.m */,
			);
			path = DMCoverSlide;
			sourceTree = "<group>";
		};
		F501B3C215877A88001C6158 /* resources */ = {
			isa = PBXGroup;
			children = (
				F555569815C04DB100894E8D /* icon.icns */,
				F5237A0815C9650400D2A1F2 /* SlidePanel */,
				F58653D015C82C2C00352B4C /* slides */,
				F515C16215B6FA5800210826 /* StatusItem */,
				F5D3633C15A1F202003A40B2 /* Document */,
				F5AACEF4159C9449003DA427 /* MainPanel */,
				F5AACEF3159C9418003DA427 /* PreferencePanel */,
				F5AACEF2159C9402003DA427 /* Volume */,
				F5AACEF1159C93E9003DA427 /* DocumentTabItem */,
				F5ABA90615D015F900860EF5 /* importExport */,
				F5815F551590E397007EB0D3 /* channels.plist */,
				F52F3B87159627F700EDBBD7 /* albumfail.png */,
			);
			path = resources;
			sourceTree = "<group>";
		};
		F5148AA31580E58D002B3D61 = {
			isa = PBXGroup;
			children = (
				F5148AB81580E58D002B3D61 /* diumoo */,
				F5148AD81580E707002B3D61 /* extern */,
				F501B3C215877A88001C6158 /* resources */,
				F5148AB11580E58D002B3D61 /* Frameworks */,
				F5148AAF1580E58D002B3D61 /* Products */,
			);
			sourceTree = "<group>";
		};
		F5148AAF1580E58D002B3D61 /* Products */ = {
			isa = PBXGroup;
			children = (
				F5148AAE1580E58D002B3D61 /* diumoo.app */,
			);
			name = Products;
			sourceTree = "<group>";
		};
		F5148AB11580E58D002B3D61 /* Frameworks */ = {
			isa = PBXGroup;
			children = (
				F5D9A4E515C19E2A005DE460 /* libxml2.2.dylib */,
				F5B9DC7A15BD995B004788A9 /* Growl.framework */,
				F5148B4F1580EE92002B3D61 /* QuartzCore.framework */,
				F5148B4D1580EE68002B3D61 /* QTKit.framework */,
				F5148B4B1580EE4D002B3D61 /* Security.framework */,
				F5148B491580EE1F002B3D61 /* Carbon.framework */,
				F5148AB21580E58D002B3D61 /* Cocoa.framework */,
				F5148AB41580E58D002B3D61 /* Other Frameworks */,
			);
			name = Frameworks;
			sourceTree = "<group>";
		};
		F5148AB41580E58D002B3D61 /* Other Frameworks */ = {
			isa = PBXGroup;
			children = (
				F5148AB51580E58D002B3D61 /* AppKit.framework */,
				F5148AB61580E58D002B3D61 /* CoreData.framework */,
				F5148AB71580E58D002B3D61 /* Foundation.framework */,
			);
			name = "Other Frameworks";
			sourceTree = "<group>";
		};
		F5148AB81580E58D002B3D61 /* diumoo */ = {
			isa = PBXGroup;
			children = (
				F5D362FD15A1F0EF003A40B2 /* DMDocument */,
				F501B3AC15877062001C6158 /* ui */,
				F5148B1F1580E904002B3D61 /* core */,
				F5148AD21580E5F4002B3D61 /* DMAppDelegate.h */,
				F5148AD31580E5F4002B3D61 /* DMAppDelegate.m */,
				F5148ACA1580E58E002B3D61 /* MainMenu.xib */,
				F5148AB91580E58D002B3D61 /* Supporting Files */,
			);
			path = diumoo;
			sourceTree = "<group>";
		};
		F5148AB91580E58D002B3D61 /* Supporting Files */ = {
			isa = PBXGroup;
			children = (
				179AFA331583916200968BAD /* debugLog.h */,
				F5148AD51580E6AD002B3D61 /* DMApp.h */,
				F5148AD61580E6AD002B3D61 /* DMApp.m */,
				F5148ABA1580E58D002B3D61 /* diumoo-Info.plist */,
				F5148ABB1580E58D002B3D61 /* InfoPlist.strings */,
				F5148ABE1580E58D002B3D61 /* main.m */,
				F5148AC01580E58D002B3D61 /* diumoo-Prefix.pch */,
				F5148AC11580E58D002B3D61 /* Credits.rtf */,
			);
			name = "Supporting Files";
			sourceTree = "<group>";
		};
		F5148AD81580E707002B3D61 /* extern */ = {
			isa = PBXGroup;
			children = (
				F5DFF19515BADEEB00ED3DAA /* MASShortcut */,
				F515C15B15B6F07500210826 /* StatusItem */,
				F5D3630715A1F0EF003A40B2 /* EDStarRating */,
				F5D3630A15A1F0EF003A40B2 /* JUInspectorView */,
				F5D3631315A1F0EF003A40B2 /* SMTabBar */,
				F5148AD91580E707002B3D61 /* HTMLParser */,
				F5148ADE1580E707002B3D61 /* SPMediaKeyTap */,
				F5148AE81580E707002B3D61 /* SSKeychain */,
				F5148AEC1580E707002B3D61 /* TouchJSON */,
			);
			path = extern;
			sourceTree = "<group>";
		};
		F5148AD91580E707002B3D61 /* HTMLParser */ = {
			isa = PBXGroup;
			children = (
				F5148ADA1580E707002B3D61 /* HTMLNode.h */,
				F5148ADB1580E707002B3D61 /* HTMLNode.m */,
				F5148ADC1580E707002B3D61 /* HTMLParser.h */,
				F5148ADD1580E707002B3D61 /* HTMLParser.m */,
			);
			path = HTMLParser;
			sourceTree = "<group>";
		};
		F5148ADE1580E707002B3D61 /* SPMediaKeyTap */ = {
			isa = PBXGroup;
			children = (
				F5148AE31580E707002B3D61 /* NSObject+SPInvocationGrabbing.h */,
				F5148AE41580E707002B3D61 /* NSObject+SPInvocationGrabbing.m */,
				F5148AE51580E707002B3D61 /* SPMediaKeyTap.h */,
				F5148AE61580E707002B3D61 /* SPMediaKeyTap.m */,
			);
			path = SPMediaKeyTap;
			sourceTree = "<group>";
		};
		F5148AE81580E707002B3D61 /* SSKeychain */ = {
			isa = PBXGroup;
			children = (
				F5148AE91580E707002B3D61 /* LICENSE */,
				F5148AEA1580E707002B3D61 /* SSKeychain.h */,
				F5148AEB1580E707002B3D61 /* SSKeychain.m */,
			);
			path = SSKeychain;
			sourceTree = "<group>";
		};
		F5148AEC1580E707002B3D61 /* TouchJSON */ = {
			isa = PBXGroup;
			children = (
				F5148AED1580E707002B3D61 /* CDataScanner.h */,
				F5148AEE1580E707002B3D61 /* CDataScanner.m */,
				F5148AEF1580E707002B3D61 /* Experimental */,
				F5148AF81580E707002B3D61 /* Extensions */,
				F5148AFD1580E707002B3D61 /* JSON */,
			);
			path = TouchJSON;
			sourceTree = "<group>";
		};
		F5148AEF1580E707002B3D61 /* Experimental */ = {
			isa = PBXGroup;
			children = (
				F5148AF01580E707002B3D61 /* CFilteringJSONSerializer.h */,
				F5148AF11580E707002B3D61 /* CFilteringJSONSerializer.m */,
				F5148AF21580E707002B3D61 /* CJSONDeserializer_BlocksExtensions.h */,
				F5148AF31580E707002B3D61 /* CJSONDeserializer_BlocksExtensions.m */,
				F5148AF41580E707002B3D61 /* CJSONSerialization.h */,
				F5148AF51580E707002B3D61 /* CJSONSerialization.m */,
				F5148AF61580E707002B3D61 /* CJSONSerializedData.h */,
				F5148AF71580E707002B3D61 /* CJSONSerializedData.m */,
			);
			path = Experimental;
			sourceTree = "<group>";
		};
		F5148AF81580E707002B3D61 /* Extensions */ = {
			isa = PBXGroup;
			children = (
				F5148AF91580E707002B3D61 /* CDataScanner_Extensions.h */,
				F5148AFA1580E707002B3D61 /* CDataScanner_Extensions.m */,
				F5148AFB1580E707002B3D61 /* NSDictionary_JSONExtensions.h */,
				F5148AFC1580E707002B3D61 /* NSDictionary_JSONExtensions.m */,
			);
			path = Extensions;
			sourceTree = "<group>";
		};
		F5148AFD1580E707002B3D61 /* JSON */ = {
			isa = PBXGroup;
			children = (
				F5148AFE1580E707002B3D61 /* CJSONDeserializer.h */,
				F5148AFF1580E707002B3D61 /* CJSONDeserializer.m */,
				F5148B001580E707002B3D61 /* CJSONScanner.h */,
				F5148B011580E707002B3D61 /* CJSONScanner.m */,
				F5148B021580E707002B3D61 /* CJSONSerializer.h */,
				F5148B031580E707002B3D61 /* CJSONSerializer.m */,
				F5148B041580E707002B3D61 /* JSONRepresentation.h */,
			);
			path = JSON;
			sourceTree = "<group>";
		};
		F5148B1F1580E904002B3D61 /* core */ = {
			isa = PBXGroup;
			children = (
				3FBE809515D4A615001A3BEC /* DMErrorLog */,
				F53C78E015CC0AA700201C65 /* DMService */,
				F58B010915BEE2BA00E4A7E5 /* DMShortcutsHandler */,
				F528B1A615BC548000DC82B4 /* DMNotificationCenter */,
				F5D3633D15A1F379003A40B2 /* DMPlayRecordHandler */,
				F54A524C1583477300F6C18A /* DMDoubanAuthHelper */,
				F5148B201580E904002B3D61 /* DMControlCenter */,
				F5148B231580E904002B3D61 /* DMPlayableCapsule */,
				F5148B271580E904002B3D61 /* DMPlaylistFetcher */,
				F5148B2B1580E904002B3D61 /* DMUtils */,
			);
			path = core;
			sourceTree = "<group>";
		};
		F5148B201580E904002B3D61 /* DMControlCenter */ = {
			isa = PBXGroup;
			children = (
				F5148B211580E904002B3D61 /* DMControlCenter.h */,
				F5148B221580E904002B3D61 /* DMControlCenter.m */,
			);
			path = DMControlCenter;
			sourceTree = "<group>";
		};
		F5148B231580E904002B3D61 /* DMPlayableCapsule */ = {
			isa = PBXGroup;
			children = (
				F5148B241580E904002B3D61 /* DMPlayableCapsule.h */,
				F5148B251580E904002B3D61 /* DMPlayableCapsule.m */,
				F5148B261580E904002B3D61 /* DMPlayableCapsuleDelegate.h */,
			);
			path = DMPlayableCapsule;
			sourceTree = "<group>";
		};
		F5148B271580E904002B3D61 /* DMPlaylistFetcher */ = {
			isa = PBXGroup;
			children = (
				F5148B281580E904002B3D61 /* DMPlaylistFetcher.h */,
				F5148B291580E904002B3D61 /* DMPlaylistFetcher.m */,
				F5148B2A1580E904002B3D61 /* DMPlaylistFetcherDeleate.h */,
			);
			path = DMPlaylistFetcher;
			sourceTree = "<group>";
		};
		F5148B2B1580E904002B3D61 /* DMUtils */ = {
			isa = PBXGroup;
			children = (
				F53C78E715CC0D0C00201C65 /* NSData+AESCrypt.h */,
				F53C78E815CC0D0C00201C65 /* NSData+AESCrypt.m */,
				F53C78E915CC0D0C00201C65 /* NSData+Base64.h */,
				F53C78EA15CC0D0C00201C65 /* NSData+Base64.m */,
				F5148B2C1580E904002B3D61 /* NSDictionary+UrlEncoding.h */,
				F5148B2D1580E904002B3D61 /* NSDictionary+UrlEncoding.m */,
				F566F60C15C6E4A200FC7143 /* NSImage+AsyncLoadImage.h */,
				F566F60D15C6E4A200FC7143 /* NSImage+AsyncLoadImage.m */,
			);
			path = DMUtils;
			sourceTree = "<group>";
		};
		F515C15B15B6F07500210826 /* StatusItem */ = {
			isa = PBXGroup;
			children = (
				F515C15C15B6F07500210826 /* MenubarController.h */,
				F515C15D15B6F07500210826 /* MenubarController.m */,
				F515C15E15B6F07500210826 /* StatusItemView.h */,
				F515C15F15B6F07500210826 /* StatusItemView.m */,
			);
			path = StatusItem;
			sourceTree = "<group>";
		};
		F515C16215B6FA5800210826 /* StatusItem */ = {
			isa = PBXGroup;
			children = (
				F515C16315B6FAA000210826 /* status-icon-alt.png */,
				F5B9DC8015BDACC6004788A9 /* status-icon-mixed.png */,
				F515C16415B6FAA000210826 /* status-icon.png */,
			);
			name = StatusItem;
			sourceTree = "<group>";
		};
		F5237A0815C9650400D2A1F2 /* SlidePanel */ = {
			isa = PBXGroup;
			children = (
				F5237A0D15C96DE800D2A1F2 /* arrowleft.png */,
				F5237A0E15C96DE800D2A1F2 /* arrowright.png */,
			);
			name = SlidePanel;
			sourceTree = "<group>";
		};
		F528B1A615BC548000DC82B4 /* DMNotificationCenter */ = {
			isa = PBXGroup;
			children = (
				F528B1A815BC54B500DC82B4 /* DMNotificationCenter.h */,
				F528B1A915BC54B500DC82B4 /* DMNotificationCenter.m */,
			);
			name = DMNotificationCenter;
			sourceTree = "<group>";
		};
		F528CA3B15C2DB6400094E35 /* sns */ = {
			isa = PBXGroup;
			children = (
				F528CA5015C2E16E00094E35 /* douban.png */,
				F528CA4515C2E12700094E35 /* douban@2x.png */,
				F528CA4615C2E12700094E35 /* fanfou.png */,
				F528CA4715C2E12700094E35 /* fanfou@2x.png */,
				F528CA4815C2E12700094E35 /* sina.png */,
				F528CA4915C2E12700094E35 /* sina@2x.png */,
				F528CA3C15C2DECD00094E35 /* facebook.png */,
				F528CA3D15C2DECD00094E35 /* facebook@2x.png */,
				F528CA3E15C2DECD00094E35 /* twitter.png */,
				F528CA3F15C2DECD00094E35 /* twitter@2x.png */,
			);
			name = sns;
			sourceTree = "<group>";
		};
		F53C78E015CC0AA700201C65 /* DMService */ = {
			isa = PBXGroup;
			children = (
				F53C78DC15CC0AA000201C65 /* DMService.h */,
				F53C78DD15CC0AA000201C65 /* DMService.m */,
			);
			name = DMService;
			sourceTree = "<group>";
		};
		F54A524C1583477300F6C18A /* DMDoubanAuthHelper */ = {
			isa = PBXGroup;
			children = (
				F54A524D158347DE00F6C18A /* DMDoubanAuthHelper.h */,
				F54A524E158347DE00F6C18A /* DMDoubanAuthHelper.m */,
			);
			name = DMDoubanAuthHelper;
			sourceTree = "<group>";
		};
		F56F57AE15CD757500C35515 /* volumeSlder */ = {
			isa = PBXGroup;
			children = (
				F56F57B515CD851000C35515 /* volume_back.png */,
				F56F57B615CD851000C35515 /* volume_slider.png */,
			);
			name = volumeSlder;
			sourceTree = "<group>";
		};
		F58653D015C82C2C00352B4C /* slides */ = {
			isa = PBXGroup;
			children = (
				F58653D115C82C5200352B4C /* slide1.png */,
				F58653D215C82C5200352B4C /* slide2.png */,
				F58653D315C82C5200352B4C /* slide3.png */,
				F58653D415C82C5200352B4C /* slide4.png */,
			);
			name = slides;
			sourceTree = "<group>";
		};
		F58B010915BEE2BA00E4A7E5 /* DMShortcutsHandler */ = {
			isa = PBXGroup;
			children = (
				F58B011215BEF28500E4A7E5 /* DMShortcutsHandler.h */,
				F58B011315BEF28500E4A7E5 /* DMShortcutsHandler.m */,
			);
			name = DMShortcutsHandler;
			path = ../ui/DMPrefsPanel;
			sourceTree = "<group>";
		};
		F5AACEF1159C93E9003DA427 /* DocumentTabItem */ = {
			isa = PBXGroup;
			children = (
				F5AACEEB159C93E4003DA427 /* eye_icon.png */,
				F5AACEEC159C93E4003DA427 /* info_icon.png */,
				F5AACEED159C93E4003DA427 /* share_icon.png */,
			);
			name = DocumentTabItem;
			sourceTree = "<group>";
		};
		F5AACEF2159C9402003DA427 /* Volume */ = {
			isa = PBXGroup;
			children = (
				F5BB89F5159748DB0017E6FE /* sound_high.png */,
				F5BB89F6159748DB0017E6FE /* sound_low.png */,
				F5BB89F7159748DB0017E6FE /* sound_mute.png */,
			);
			name = Volume;
			sourceTree = "<group>";
		};
		F5AACEF3159C9418003DA427 /* PreferencePanel */ = {
			isa = PBXGroup;
			children = (
				F52EEC23158F8053004A39EF /* heart-icon.png */,
				F52EEC24158F8053004A39EF /* played-icon.png */,
				F52EEC25158F8053004A39EF /* trash-icon.png */,
			);
			name = PreferencePanel;
			sourceTree = "<group>";
		};
		F5AACEF4159C9449003DA427 /* MainPanel */ = {
			isa = PBXGroup;
			children = (
				F56F57AE15CD757500C35515 /* volumeSlder */,
				F528CA3B15C2DB6400094E35 /* sns */,
				F5237A0415C958A500D2A1F2 /* share.png */,
				F5237A0515C958A500D2A1F2 /* share@2x.png */,
				F517B91115C1760200097815 /* settings.png */,
				F545840515B86EF500F3A55B /* greyheart.png */,
				F545840615B86EF500F3A55B /* redheart.png */,
				F545840315B8694300F3A55B /* exit.png */,
				F55A75981595FA230022574F /* play.png */,
				F501B3C315877A88001C6158 /* ban.png */,
				F501B3C415877A88001C6158 /* pause.png */,
				F501B3C515877A88001C6158 /* rate.png */,
				F501B3C615877A88001C6158 /* rate_red.png */,
				F501B3C715877A88001C6158 /* skip.png */,
			);
			name = MainPanel;
			sourceTree = "<group>";
		};
		F5ABA90615D015F900860EF5 /* importExport */ = {
			isa = PBXGroup;
			children = (
				F5ABA90715D0161B00860EF5 /* export.png */,
				F5ABA90815D0161B00860EF5 /* export@2x.png */,
				F5ABA90915D0161B00860EF5 /* import.png */,
				F5ABA90A15D0161B00860EF5 /* import@2x.png */,
			);
			name = importExport;
			sourceTree = "<group>";
		};
		F5BB89F01597447F0017E6FE /* DMVolumeSlideCell */ = {
			isa = PBXGroup;
			children = (
				F5BB89F2159744B80017E6FE /* DMVolumeSlideCell.h */,
				F5BB89F3159744B80017E6FE /* DMVolumeSlideCell.m */,
			);
			name = DMVolumeSlideCell;
			sourceTree = "<group>";
		};
		F5D362FD15A1F0EF003A40B2 /* DMDocument */ = {
			isa = PBXGroup;
			children = (
				F5D362FE15A1F0EF003A40B2 /* DMDocument.h */,
				F5D362FF15A1F0EF003A40B2 /* DMDocument.m */,
				F5D3630015A1F0EF003A40B2 /* DMDocumentWindowController */,
			);
			path = DMDocument;
			sourceTree = "<group>";
		};
		F5D3630015A1F0EF003A40B2 /* DMDocumentWindowController */ = {
			isa = PBXGroup;
			children = (
				F5D3630115A1F0EF003A40B2 /* DMDetailViewController */,
				F5D3630415A1F0EF003A40B2 /* DMDocumentWindow.xib */,
				F5D3630515A1F0EF003A40B2 /* DMDocumentWindowController.h */,
				F5D3630615A1F0EF003A40B2 /* DMDocumentWindowController.m */,
			);
			path = DMDocumentWindowController;
			sourceTree = "<group>";
		};
		F5D3630115A1F0EF003A40B2 /* DMDetailViewController */ = {
			isa = PBXGroup;
			children = (
				F5D3630215A1F0EF003A40B2 /* DMDetailViewController.h */,
				F5D3630315A1F0EF003A40B2 /* DMDetailViewController.m */,
			);
			path = DMDetailViewController;
			sourceTree = "<group>";
		};
		F5D3630715A1F0EF003A40B2 /* EDStarRating */ = {
			isa = PBXGroup;
			children = (
				F5D3630815A1F0EF003A40B2 /* EDStarRating.h */,
				F5D3630915A1F0EF003A40B2 /* EDStarRating.m */,
			);
			name = EDStarRating;
			path = ../diumoo/DMDocument/EDStarRating;
			sourceTree = "<group>";
		};
		F5D3630A15A1F0EF003A40B2 /* JUInspectorView */ = {
			isa = PBXGroup;
			children = (
				F5D3630B15A1F0EF003A40B2 /* JUInspectorBaseView.h */,
				F5D3630C15A1F0EF003A40B2 /* JUInspectorBaseView.m */,
				F5D3630D15A1F0EF003A40B2 /* JUInspectorView.h */,
				F5D3630E15A1F0EF003A40B2 /* JUInspectorView.m */,
				F5D3630F15A1F0EF003A40B2 /* JUInspectorViewContainer.h */,
				F5D3631015A1F0EF003A40B2 /* JUInspectorViewContainer.m */,
				F5D3631115A1F0EF003A40B2 /* JUInspectorViewHeader.h */,
				F5D3631215A1F0EF003A40B2 /* JUInspectorViewHeader.m */,
			);
			name = JUInspectorView;
			path = ../diumoo/DMDocument/JUInspectorView;
			sourceTree = "<group>";
		};
		F5D3631315A1F0EF003A40B2 /* SMTabBar */ = {
			isa = PBXGroup;
			children = (
				F5D3631415A1F0EF003A40B2 /* NSDictionary+SMKeyValueObserving.h */,
				F5D3631515A1F0EF003A40B2 /* NSDictionary+SMKeyValueObserving.m */,
				F5D3631615A1F0EF003A40B2 /* SMBar.h */,
				F5D3631715A1F0EF003A40B2 /* SMBar.m */,
				F5D3631815A1F0EF003A40B2 /* SMTabBar.h */,
				F5D3631915A1F0EF003A40B2 /* SMTabBar.m */,
				F5D3631A15A1F0EF003A40B2 /* SMTabBarButtonCell.h */,
				F5D3631B15A1F0EF003A40B2 /* SMTabBarButtonCell.m */,
				F5D3631C15A1F0EF003A40B2 /* SMTabBarItem.h */,
				F5D3631D15A1F0EF003A40B2 /* SMTabBarItem.m */,
			);
			name = SMTabBar;
			path = ../diumoo/DMDocument/SMTabBar;
			sourceTree = "<group>";
		};
		F5D3633C15A1F202003A40B2 /* Document */ = {
			isa = PBXGroup;
			children = (
				F5D3633415A1F1FF003A40B2 /* play_album.png */,
				F5D3633515A1F1FF003A40B2 /* star.png */,
				F5D3633615A1F1FF003A40B2 /* starhighlighted.png */,
				F5D3633715A1F1FF003A40B2 /* time_machine.png */,
				F5D3633215A1F1F2003A40B2 /* detail_icon.png */,
				F5D3633015A1F1EA003A40B2 /* view_icon.png */,
			);
			name = Document;
			sourceTree = "<group>";
		};
		F5D3633D15A1F379003A40B2 /* DMPlayRecordHandler */ = {
			isa = PBXGroup;
			children = (
				F5D3633E15A1F3AF003A40B2 /* DMPlayRecordHandler.h */,
				F5D3633F15A1F3AF003A40B2 /* DMPlayRecordHandler.m */,
				F5FC4DA315A31F8E00197D1A /* DMPlayRecordModel.xcdatamodeld */,
			);
			name = DMPlayRecordHandler;
			sourceTree = "<group>";
		};
		F5DFF19515BADEEB00ED3DAA /* MASShortcut */ = {
			isa = PBXGroup;
			children = (
				F5DFF19715BADEEB00ED3DAA /* MASShortcut+UserDefaults.h */,
				F5DFF19815BADEEB00ED3DAA /* MASShortcut+UserDefaults.m */,
				F5DFF19915BADEEB00ED3DAA /* MASShortcut.h */,
				F5DFF19A15BADEEB00ED3DAA /* MASShortcut.m */,
				F5DFF19B15BADEEB00ED3DAA /* MASShortcutView+UserDefaults.h */,
				F5DFF19C15BADEEB00ED3DAA /* MASShortcutView+UserDefaults.m */,
				F5DFF19D15BADEEB00ED3DAA /* MASShortcutView.h */,
				F5DFF19E15BADEEB00ED3DAA /* MASShortcutView.m */,
			);
			path = MASShortcut;
			sourceTree = "<group>";
		};
		F5ECCBE9158CC71600512F6A /* DMPopUpButtonCell */ = {
			isa = PBXGroup;
			children = (
				F5ECCBEA158CC71600512F6A /* DMPopUpButtonCell.h */,
				F5ECCBEB158CC71600512F6A /* DMPopUpButtonCell.m */,
				F5ECCBED158CC85600512F6A /* DMPopUpMenuController.h */,
				F5ECCBEE158CC85600512F6A /* DMPopUpMenuController.m */,
			);
			path = DMPopUpButtonCell;
			sourceTree = "<group>";
		};
		F5ECCBF4158CDF0000512F6A /* DMPrefsPanel */ = {
			isa = PBXGroup;
			children = (
				F5ECCBFE158CE39500512F6A /* PLTabPreference */,
				F5ECCBF7158CDF2800512F6A /* DMPrefsPanel.xib */,
				F5ECCC02158CE43100512F6A /* DMPrefsPanelDataProvider.h */,
				F5ECCC03158CE43100512F6A /* DMPrefsPanelDataProvider.m */,
			);
			path = DMPrefsPanel;
			sourceTree = "<group>";
		};
		F5ECCBFE158CE39500512F6A /* PLTabPreference */ = {
			isa = PBXGroup;
			children = (
				F5ECCBFF158CE39500512F6A /* PLTabPreferenceControl.h */,
				F5ECCC00158CE39500512F6A /* PLTabPreferenceControl.m */,
			);
			name = PLTabPreference;
			path = ../../../extern/PLTabPreference;
			sourceTree = "<group>";
		};
/* End PBXGroup section */

/* Begin PBXNativeTarget section */
		F5148AAD1580E58D002B3D61 /* diumoo */ = {
			isa = PBXNativeTarget;
			buildConfigurationList = F5148ACF1580E58E002B3D61 /* Build configuration list for PBXNativeTarget "diumoo" */;
			buildPhases = (
				F5148AAA1580E58D002B3D61 /* Sources */,
				F5148AAB1580E58D002B3D61 /* Frameworks */,
				F5148AAC1580E58D002B3D61 /* Resources */,
				F5148B5415810758002B3D61 /* CopyFiles */,
				17FE6B001584AD5900EA34EA /* ShellScript */,
			);
			buildRules = (
			);
			dependencies = (
			);
			name = diumoo;
			productName = diumoo;
			productReference = F5148AAE1580E58D002B3D61 /* diumoo.app */;
			productType = "com.apple.product-type.application";
		};
/* End PBXNativeTarget section */

/* Begin PBXProject section */
		F5148AA51580E58D002B3D61 /* Project object */ = {
			isa = PBXProject;
			attributes = {
				CLASSPREFIX = DM;
				LastUpgradeCheck = 0440;
			};
			buildConfigurationList = F5148AA81580E58D002B3D61 /* Build configuration list for PBXProject "diumoo" */;
			compatibilityVersion = "Xcode 3.2";
			developmentRegion = English;
			hasScannedForEncodings = 0;
			knownRegions = (
				en,
			);
			mainGroup = F5148AA31580E58D002B3D61;
			productRefGroup = F5148AAF1580E58D002B3D61 /* Products */;
			projectDirPath = "";
			projectRoot = "";
			targets = (
				F5148AAD1580E58D002B3D61 /* diumoo */,
			);
		};
/* End PBXProject section */

/* Begin PBXResourcesBuildPhase section */
		F5148AAC1580E58D002B3D61 /* Resources */ = {
			isa = PBXResourcesBuildPhase;
			buildActionMask = 2147483647;
			files = (
				F5148ABD1580E58D002B3D61 /* InfoPlist.strings in Resources */,
				F5148AC31580E58D002B3D61 /* Credits.rtf in Resources */,
				F5148ACC1580E58E002B3D61 /* MainMenu.xib in Resources */,
				F5148B0D1580E707002B3D61 /* LICENSE in Resources */,
				F501B3BE1587708F001C6158 /* DMPanelWindowController.xib in Resources */,
				F501B3C815877A88001C6158 /* ban.png in Resources */,
				F501B3C915877A88001C6158 /* pause.png in Resources */,
				F501B3CA15877A88001C6158 /* rate.png in Resources */,
				F501B3CB15877A88001C6158 /* rate_red.png in Resources */,
				F501B3CC15877A88001C6158 /* skip.png in Resources */,
				F5ECCBF9158CDF2800512F6A /* DMPrefsPanel.xib in Resources */,
				F52EEC26158F8053004A39EF /* heart-icon.png in Resources */,
				F52EEC27158F8053004A39EF /* played-icon.png in Resources */,
				F52EEC28158F8053004A39EF /* trash-icon.png in Resources */,
				F5815F561590E397007EB0D3 /* channels.plist in Resources */,
				F55A75991595FA230022574F /* play.png in Resources */,
				F52F3B88159627F700EDBBD7 /* albumfail.png in Resources */,
				F5BB89F8159748DB0017E6FE /* sound_high.png in Resources */,
				F5BB89F9159748DB0017E6FE /* sound_low.png in Resources */,
				F5BB89FA159748DB0017E6FE /* sound_mute.png in Resources */,
				F5AACEEE159C93E4003DA427 /* eye_icon.png in Resources */,
				F5AACEEF159C93E4003DA427 /* info_icon.png in Resources */,
				F5AACEF0159C93E4003DA427 /* share_icon.png in Resources */,
				F5D3632015A1F0EF003A40B2 /* DMDocumentWindow.xib in Resources */,
				F5D3633115A1F1EA003A40B2 /* view_icon.png in Resources */,
				F5D3633315A1F1F2003A40B2 /* detail_icon.png in Resources */,
				F5D3633815A1F1FF003A40B2 /* play_album.png in Resources */,
				F5D3633915A1F1FF003A40B2 /* star.png in Resources */,
				F5D3633A15A1F1FF003A40B2 /* starhighlighted.png in Resources */,
				F5D3633B15A1F1FF003A40B2 /* time_machine.png in Resources */,
				F515C16515B6FAA000210826 /* status-icon-alt.png in Resources */,
				F515C16615B6FAA000210826 /* status-icon.png in Resources */,
				F545840415B8694300F3A55B /* exit.png in Resources */,
				F545840715B86EF500F3A55B /* greyheart.png in Resources */,
				F545840815B86EF500F3A55B /* redheart.png in Resources */,
				F5B9DC8115BDACC6004788A9 /* status-icon-mixed.png in Resources */,
				F555569915C04DB100894E8D /* icon.icns in Resources */,
				F517B91215C1760200097815 /* settings.png in Resources */,
				F528CA4015C2DECD00094E35 /* facebook.png in Resources */,
				F528CA4115C2DECD00094E35 /* facebook@2x.png in Resources */,
				F528CA4215C2DECD00094E35 /* twitter.png in Resources */,
				F528CA4315C2DECD00094E35 /* twitter@2x.png in Resources */,
				F528CA4B15C2E12700094E35 /* douban@2x.png in Resources */,
				F528CA4C15C2E12700094E35 /* fanfou.png in Resources */,
				F528CA4D15C2E12700094E35 /* fanfou@2x.png in Resources */,
				F528CA4E15C2E12700094E35 /* sina.png in Resources */,
				F528CA4F15C2E12700094E35 /* sina@2x.png in Resources */,
				F528CA5115C2E16E00094E35 /* douban.png in Resources */,
				F58653D515C82C5200352B4C /* slide1.png in Resources */,
				F58653D615C82C5200352B4C /* slide2.png in Resources */,
				F58653D715C82C5200352B4C /* slide3.png in Resources */,
				F58653D815C82C5200352B4C /* slide4.png in Resources */,
				F5237A0615C958A500D2A1F2 /* share.png in Resources */,
				F5237A0715C958A500D2A1F2 /* share@2x.png in Resources */,
				F5237A0F15C96DE800D2A1F2 /* arrowleft.png in Resources */,
				F5237A1015C96DE800D2A1F2 /* arrowright.png in Resources */,
				F56F57B715CD851000C35515 /* volume_back.png in Resources */,
				F56F57B815CD851000C35515 /* volume_slider.png in Resources */,
				F5ABA90B15D0161B00860EF5 /* export.png in Resources */,
				F5ABA90C15D0161B00860EF5 /* export@2x.png in Resources */,
				F5ABA90D15D0161B00860EF5 /* import.png in Resources */,
				F5ABA90E15D0161B00860EF5 /* import@2x.png in Resources */,
			);
			runOnlyForDeploymentPostprocessing = 0;
		};
/* End PBXResourcesBuildPhase section */

/* Begin PBXShellScriptBuildPhase section */
		17FE6B001584AD5900EA34EA /* ShellScript */ = {
			isa = PBXShellScriptBuildPhase;
			buildActionMask = 2147483647;
			files = (
			);
			inputPaths = (
			);
			outputPaths = (
			);
			runOnlyForDeploymentPostprocessing = 0;
			shellPath = /bin/sh;
			shellScript = "version=`/usr/libexec/PlistBuddy -c \"Print CFBundleVersion\" $PRODUCT_SETTINGS_PATH`\nversion=`expr $version + 1`\n/usr/libexec/PlistBuddy -c \"Set :CFBundleVersion $version\" $PRODUCT_SETTINGS_PATH";
		};
/* End PBXShellScriptBuildPhase section */

/* Begin PBXSourcesBuildPhase section */
		F5148AAA1580E58D002B3D61 /* Sources */ = {
			isa = PBXSourcesBuildPhase;
			buildActionMask = 2147483647;
			files = (
				F5148ABF1580E58D002B3D61 /* main.m in Sources */,
				F5148AD41580E5F4002B3D61 /* DMAppDelegate.m in Sources */,
				F5148AD71580E6AD002B3D61 /* DMApp.m in Sources */,
				F5148B051580E707002B3D61 /* HTMLNode.m in Sources */,
				F5148B061580E707002B3D61 /* HTMLParser.m in Sources */,
				F5148B0A1580E707002B3D61 /* NSObject+SPInvocationGrabbing.m in Sources */,
				F5148B0B1580E707002B3D61 /* SPMediaKeyTap.m in Sources */,
				F5148B0E1580E707002B3D61 /* SSKeychain.m in Sources */,
				F5148B0F1580E707002B3D61 /* CDataScanner.m in Sources */,
				F5148B101580E707002B3D61 /* CFilteringJSONSerializer.m in Sources */,
				F5148B111580E707002B3D61 /* CJSONDeserializer_BlocksExtensions.m in Sources */,
				F5148B121580E707002B3D61 /* CJSONSerialization.m in Sources */,
				F5148B131580E707002B3D61 /* CJSONSerializedData.m in Sources */,
				F5148B141580E707002B3D61 /* CDataScanner_Extensions.m in Sources */,
				F5148B151580E707002B3D61 /* NSDictionary_JSONExtensions.m in Sources */,
				F5148B161580E707002B3D61 /* CJSONDeserializer.m in Sources */,
				F5148B171580E707002B3D61 /* CJSONScanner.m in Sources */,
				F5148B181580E707002B3D61 /* CJSONSerializer.m in Sources */,
				F5148B2E1580E904002B3D61 /* DMControlCenter.m in Sources */,
				F5148B2F1580E904002B3D61 /* DMPlayableCapsule.m in Sources */,
				F5148B301580E904002B3D61 /* DMPlaylistFetcher.m in Sources */,
				F5148B311580E904002B3D61 /* NSDictionary+UrlEncoding.m in Sources */,
				F54A524F158347DE00F6C18A /* DMDoubanAuthHelper.m in Sources */,
				F501B3B715877062001C6158 /* DMCoverControlView.m in Sources */,
				F501B3B815877062001C6158 /* DMCoverSlide.m in Sources */,
				F501B3BD1587708F001C6158 /* DMPanelWindowController.m in Sources */,
				F5ECCBEC158CC71600512F6A /* DMPopUpButtonCell.m in Sources */,
				F5ECCBEF158CC85600512F6A /* DMPopUpMenuController.m in Sources */,
				F5ECCC01158CE39500512F6A /* PLTabPreferenceControl.m in Sources */,
				F5ECCC04158CE43100512F6A /* DMPrefsPanelDataProvider.m in Sources */,
				F5BB89F4159744B80017E6FE /* DMVolumeSlideCell.m in Sources */,
				F5D3631E15A1F0EF003A40B2 /* DMDocument.m in Sources */,
				F5D3631F15A1F0EF003A40B2 /* DMDetailViewController.m in Sources */,
				F5D3632115A1F0EF003A40B2 /* DMDocumentWindowController.m in Sources */,
				F5D3632215A1F0EF003A40B2 /* EDStarRating.m in Sources */,
				F5D3632315A1F0EF003A40B2 /* JUInspectorBaseView.m in Sources */,
				F5D3632415A1F0EF003A40B2 /* JUInspectorView.m in Sources */,
				F5D3632515A1F0EF003A40B2 /* JUInspectorViewContainer.m in Sources */,
				F5D3632615A1F0EF003A40B2 /* JUInspectorViewHeader.m in Sources */,
				F5D3632715A1F0EF003A40B2 /* NSDictionary+SMKeyValueObserving.m in Sources */,
				F5D3632815A1F0EF003A40B2 /* SMBar.m in Sources */,
				F5D3632915A1F0EF003A40B2 /* SMTabBar.m in Sources */,
				F5D3632A15A1F0EF003A40B2 /* SMTabBarButtonCell.m in Sources */,
				F5D3632B15A1F0EF003A40B2 /* SMTabBarItem.m in Sources */,
				F5D3634015A1F3AF003A40B2 /* DMPlayRecordHandler.m in Sources */,
				F5FC4DA515A31F8E00197D1A /* DMPlayRecordModel.xcdatamodeld in Sources */,
				F515C16015B6F07500210826 /* MenubarController.m in Sources */,
				F515C16115B6F07500210826 /* StatusItemView.m in Sources */,
				F5DFF1A115BADEEB00ED3DAA /* MASShortcut+UserDefaults.m in Sources */,
				F5DFF1A215BADEEB00ED3DAA /* MASShortcut.m in Sources */,
				F5DFF1A315BADEEB00ED3DAA /* MASShortcutView+UserDefaults.m in Sources */,
				F5DFF1A415BADEEB00ED3DAA /* MASShortcutView.m in Sources */,
				F528B1AA15BC54B500DC82B4 /* DMNotificationCenter.m in Sources */,
				F58B011415BEF28500E4A7E5 /* DMShortcutsHandler.m in Sources */,
				F566F60E15C6E4A200FC7143 /* NSImage+AsyncLoadImage.m in Sources */,
				F53C78DE15CC0AA000201C65 /* DMService.m in Sources */,
				F53C78EB15CC0D0C00201C65 /* NSData+AESCrypt.m in Sources */,
				F53C78EC15CC0D0C00201C65 /* NSData+Base64.m in Sources */,
				3FBE809915D4A632001A3BEC /* DMErrorLog.m in Sources */,
				3F8A956415D9FEE500701895 /* DMPanel.m in Sources */,
				3F50FC4415DB4981000E5147 /* DMButton.m in Sources */,
			);
			runOnlyForDeploymentPostprocessing = 0;
		};
/* End PBXSourcesBuildPhase section */

/* Begin PBXVariantGroup section */
		F5148ABB1580E58D002B3D61 /* InfoPlist.strings */ = {
			isa = PBXVariantGroup;
			children = (
				F5148ABC1580E58D002B3D61 /* en */,
			);
			name = InfoPlist.strings;
			sourceTree = "<group>";
		};
		F5148AC11580E58D002B3D61 /* Credits.rtf */ = {
			isa = PBXVariantGroup;
			children = (
				F5148AC21580E58D002B3D61 /* en */,
			);
			name = Credits.rtf;
			sourceTree = "<group>";
		};
		F5148ACA1580E58E002B3D61 /* MainMenu.xib */ = {
			isa = PBXVariantGroup;
			children = (
				F5148ACB1580E58E002B3D61 /* en */,
			);
			name = MainMenu.xib;
			sourceTree = "<group>";
		};
/* End PBXVariantGroup section */

/* Begin XCBuildConfiguration section */
		F5148ACD1580E58E002B3D61 /* Debug */ = {
			isa = XCBuildConfiguration;
			buildSettings = {
				ALWAYS_SEARCH_USER_PATHS = NO;
				ARCHS = "$(ARCHS_STANDARD_64_BIT)";
				COMBINE_HIDPI_IMAGES = YES;
				COPY_PHASE_STRIP = NO;
				GCC_C_LANGUAGE_STANDARD = gnu99;
				GCC_DYNAMIC_NO_PIC = NO;
				GCC_ENABLE_OBJC_EXCEPTIONS = YES;
				GCC_OPTIMIZATION_LEVEL = 0;
				GCC_PREPROCESSOR_DEFINITIONS = (
					"DEBUG=1",
					"$(inherited)",
				);
				GCC_SYMBOLS_PRIVATE_EXTERN = NO;
				GCC_VERSION = com.apple.compilers.llvm.clang.1_0;
				GCC_WARN_64_TO_32_BIT_CONVERSION = YES;
				GCC_WARN_ABOUT_RETURN_TYPE = YES;
				GCC_WARN_UNINITIALIZED_AUTOS = YES;
				GCC_WARN_UNUSED_VARIABLE = YES;
				MACOSX_DEPLOYMENT_TARGET = 10.7;
				ONLY_ACTIVE_ARCH = YES;
				RUN_CLANG_STATIC_ANALYZER = YES;
				SDKROOT = macosx;
			};
			name = Debug;
		};
		F5148ACE1580E58E002B3D61 /* Release */ = {
			isa = XCBuildConfiguration;
			buildSettings = {
				ALWAYS_SEARCH_USER_PATHS = NO;
				ARCHS = "$(ARCHS_STANDARD_64_BIT)";
				COMBINE_HIDPI_IMAGES = YES;
				COPY_PHASE_STRIP = YES;
				DEBUG_INFORMATION_FORMAT = dwarf;
				GCC_C_LANGUAGE_STANDARD = gnu99;
				GCC_ENABLE_OBJC_EXCEPTIONS = YES;
				GCC_VERSION = com.apple.compilers.llvm.clang.1_0;
				GCC_WARN_64_TO_32_BIT_CONVERSION = YES;
				GCC_WARN_ABOUT_RETURN_TYPE = YES;
				GCC_WARN_UNINITIALIZED_AUTOS = YES;
				GCC_WARN_UNUSED_VARIABLE = YES;
				MACOSX_DEPLOYMENT_TARGET = 10.7;
				RUN_CLANG_STATIC_ANALYZER = YES;
				SDKROOT = macosx;
			};
			name = Release;
		};
		F5148AD01580E58E002B3D61 /* Debug */ = {
			isa = XCBuildConfiguration;
			buildSettings = {
				CLANG_ENABLE_OBJC_ARC = YES;
				CLANG_WARN_OBJCPP_ARC_ABI = YES;
				COMBINE_HIDPI_IMAGES = YES;
				FRAMEWORK_SEARCH_PATHS = (
					"$(inherited)",
					"\"$(SRCROOT)\"/**",
				);
				GCC_ENABLE_OBJC_GC = unsupported;
				GCC_PRECOMPILE_PREFIX_HEADER = YES;
				GCC_PREFIX_HEADER = "diumoo/diumoo-Prefix.pch";
				HEADER_SEARCH_PATHS = (
					"/usr/include/libxml2/**",
					"\"$(SRCROOT)/frameworks/Growl.framework/\"/**",
				);
				INFOPLIST_FILE = "diumoo/diumoo-Info.plist";
				PRODUCT_NAME = "$(TARGET_NAME)";
				WRAPPER_EXTENSION = app;
			};
			name = Debug;
		};
		F5148AD11580E58E002B3D61 /* Release */ = {
			isa = XCBuildConfiguration;
			buildSettings = {
				CLANG_ENABLE_OBJC_ARC = YES;
				CLANG_WARN_OBJCPP_ARC_ABI = YES;
				COMBINE_HIDPI_IMAGES = YES;
				FRAMEWORK_SEARCH_PATHS = (
					"$(inherited)",
					"\"$(SRCROOT)\"/**",
				);
				GCC_ENABLE_OBJC_GC = unsupported;
				GCC_PRECOMPILE_PREFIX_HEADER = YES;
				GCC_PREFIX_HEADER = "diumoo/diumoo-Prefix.pch";
				HEADER_SEARCH_PATHS = (
					"/usr/include/libxml2/**",
					"\"$(SRCROOT)/frameworks/Growl.framework/\"/**",
				);
				INFOPLIST_FILE = "diumoo/diumoo-Info.plist";
				PRODUCT_NAME = "$(TARGET_NAME)";
				WRAPPER_EXTENSION = app;
			};
			name = Release;
		};
/* End XCBuildConfiguration section */

/* Begin XCConfigurationList section */
		F5148AA81580E58D002B3D61 /* Build configuration list for PBXProject "diumoo" */ = {
			isa = XCConfigurationList;
			buildConfigurations = (
				F5148ACD1580E58E002B3D61 /* Debug */,
				F5148ACE1580E58E002B3D61 /* Release */,
			);
			defaultConfigurationIsVisible = 0;
			defaultConfigurationName = Release;
		};
		F5148ACF1580E58E002B3D61 /* Build configuration list for PBXNativeTarget "diumoo" */ = {
			isa = XCConfigurationList;
			buildConfigurations = (
				F5148AD01580E58E002B3D61 /* Debug */,
				F5148AD11580E58E002B3D61 /* Release */,
			);
			defaultConfigurationIsVisible = 0;
			defaultConfigurationName = Release;
		};
/* End XCConfigurationList section */

/* Begin XCVersionGroup section */
		F5FC4DA315A31F8E00197D1A /* DMPlayRecordModel.xcdatamodeld */ = {
			isa = XCVersionGroup;
			children = (
				F5FC4DA415A31F8E00197D1A /* DMPlayRecordModel.xcdatamodel */,
			);
			currentVersion = F5FC4DA415A31F8E00197D1A /* DMPlayRecordModel.xcdatamodel */;
			name = DMPlayRecordModel.xcdatamodeld;
			path = DMPlayRecordHandler/DMPlayRecordModel.xcdatamodeld;
			sourceTree = "<group>";
			versionGroupType = wrapper.xcdatamodel;
		};
/* End XCVersionGroup section */
	};
	rootObject = F5148AA51580E58D002B3D61 /* Project object */;
}
